// !$*UTF8*$!
{
	archiveVersion = 1;
	classes = {
	};
	objectVersion = 48;
	objects = {

/* Begin PBXBuildFile section */
		2DCFF0834E07D562EC6CA2C2 /* Pods_DouYuLive_Swift.framework in Frameworks */ = {isa = PBXBuildFile; fileRef = D4F844B3D59E9ACF3839283F /* Pods_DouYuLive_Swift.framework */; };
		FA1DFF1D2121268A0081F7BD /* BaseViewModel.swift in Sources */ = {isa = PBXBuildFile; fileRef = FA1DFF1C2121268A0081F7BD /* BaseViewModel.swift */; };
		FA1DFF2021212D280081F7BD /* BaseAnchorViewController.swift in Sources */ = {isa = PBXBuildFile; fileRef = FA1DFF1F21212D280081F7BD /* BaseAnchorViewController.swift */; };
		FA1DFF2221215AA90081F7BD /* PleasureMenuView.swift in Sources */ = {isa = PBXBuildFile; fileRef = FA1DFF2121215AA90081F7BD /* PleasureMenuView.swift */; };
		FA1DFF2421215B1E0081F7BD /* PleasureMenuView.xib in Resources */ = {isa = PBXBuildFile; fileRef = FA1DFF2321215B1E0081F7BD /* PleasureMenuView.xib */; };
		FA1DFF2721216AFE0081F7BD /* PleasureMenuCollectionCell.swift in Sources */ = {isa = PBXBuildFile; fileRef = FA1DFF2521216AFE0081F7BD /* PleasureMenuCollectionCell.swift */; };
		FA1DFF2821216AFE0081F7BD /* PleasureMenuCollectionCell.xib in Resources */ = {isa = PBXBuildFile; fileRef = FA1DFF2621216AFE0081F7BD /* PleasureMenuCollectionCell.xib */; };
		FA1DFF2A21217C5A0081F7BD /* FunnyViewController.swift in Sources */ = {isa = PBXBuildFile; fileRef = FA1DFF2921217C5A0081F7BD /* FunnyViewController.swift */; };
		FA1DFF2C212180F80081F7BD /* FunnyViewModel.swift in Sources */ = {isa = PBXBuildFile; fileRef = FA1DFF2B212180F80081F7BD /* FunnyViewModel.swift */; };
		FA1DFF94212527020081F7BD /* BaseViewController.swift in Sources */ = {isa = PBXBuildFile; fileRef = FA1DFF93212527020081F7BD /* BaseViewController.swift */; };
		FA1DFF9B212553340081F7BD /* RoomShowViewController.swift in Sources */ = {isa = PBXBuildFile; fileRef = FA1DFF9A212553340081F7BD /* RoomShowViewController.swift */; };
		FA1DFF9D2125535A0081F7BD /* RoomNormalViewController.swift in Sources */ = {isa = PBXBuildFile; fileRef = FA1DFF9C2125535A0081F7BD /* RoomNormalViewController.swift */; };
		FA251E0B2117DA0300246A4A /* PageTitleView.swift in Sources */ = {isa = PBXBuildFile; fileRef = FA251E0A2117DA0300246A4A /* PageTitleView.swift */; };
		FA251E0D2117DD1500246A4A /* Common.swift in Sources */ = {isa = PBXBuildFile; fileRef = FA251E0C2117DD1500246A4A /* Common.swift */; };
		FA251E102117EFBB00246A4A /* PageContentView.swift in Sources */ = {isa = PBXBuildFile; fileRef = FA251E0F2117EFBB00246A4A /* PageContentView.swift */; };
		FA251E122117F40A00246A4A /* UIColor_Extension.swift in Sources */ = {isa = PBXBuildFile; fileRef = FA251E112117F40A00246A4A /* UIColor_Extension.swift */; };
		FA251E142118662600246A4A /* RecommendViewController.swift in Sources */ = {isa = PBXBuildFile; fileRef = FA251E132118662600246A4A /* RecommendViewController.swift */; };
		FA251E17211874A800246A4A /* RecommendCollectionHeaderView.swift in Sources */ = {isa = PBXBuildFile; fileRef = FA251E15211874A800246A4A /* RecommendCollectionHeaderView.swift */; };
		FA251E18211874A800246A4A /* RecommendCollectionHeaderView.xib in Resources */ = {isa = PBXBuildFile; fileRef = FA251E16211874A800246A4A /* RecommendCollectionHeaderView.xib */; };
		FA251E1C21187D1000246A4A /* NormalLiveCollectionViewCell.swift in Sources */ = {isa = PBXBuildFile; fileRef = FA251E1A21187D1000246A4A /* NormalLiveCollectionViewCell.swift */; };
		FA251E1D21187D1000246A4A /* NormalLiveCollectionViewCell.xib in Resources */ = {isa = PBXBuildFile; fileRef = FA251E1B21187D1000246A4A /* NormalLiveCollectionViewCell.xib */; };
		FA251E2021192D7000246A4A /* PrettyLiveCollectionViewCell.swift in Sources */ = {isa = PBXBuildFile; fileRef = FA251E1E21192D7000246A4A /* PrettyLiveCollectionViewCell.swift */; };
		FA251E2121192D7000246A4A /* PrettyLiveCollectionViewCell.xib in Resources */ = {isa = PBXBuildFile; fileRef = FA251E1F21192D7000246A4A /* PrettyLiveCollectionViewCell.xib */; };
		FA251E5F2119755000246A4A /* NetworkTools.swift in Sources */ = {isa = PBXBuildFile; fileRef = FA251E5E2119755000246A4A /* NetworkTools.swift */; };
		FA251E6221197A7200246A4A /* RecommendViewModel.swift in Sources */ = {isa = PBXBuildFile; fileRef = FA251E6121197A7200246A4A /* RecommendViewModel.swift */; };
		FA251E642119809800246A4A /* NSDate_Extension.swift in Sources */ = {isa = PBXBuildFile; fileRef = FA251E632119809800246A4A /* NSDate_Extension.swift */; };
		FA62F0432115B58400C992A9 /* AppDelegate.swift in Sources */ = {isa = PBXBuildFile; fileRef = FA62F0422115B58400C992A9 /* AppDelegate.swift */; };
		FA62F04A2115B58500C992A9 /* Assets.xcassets in Resources */ = {isa = PBXBuildFile; fileRef = FA62F0492115B58500C992A9 /* Assets.xcassets */; };
		FA62F0582115B58500C992A9 /* DouYuLive_SwiftTests.swift in Sources */ = {isa = PBXBuildFile; fileRef = FA62F0572115B58500C992A9 /* DouYuLive_SwiftTests.swift */; };
		FA62F0632115B58500C992A9 /* DouYuLive_SwiftUITests.swift in Sources */ = {isa = PBXBuildFile; fileRef = FA62F0622115B58500C992A9 /* DouYuLive_SwiftUITests.swift */; };
		FA62F0792115D42300C992A9 /* DYTabBarController.swift in Sources */ = {isa = PBXBuildFile; fileRef = FA62F0782115D42300C992A9 /* DYTabBarController.swift */; };
		FA62F08D2116F91300C992A9 /* DYNavigationController.swift in Sources */ = {isa = PBXBuildFile; fileRef = FA62F08C2116F91300C992A9 /* DYNavigationController.swift */; };
		FA62F09B2116FB5300C992A9 /* HomeViewController.swift in Sources */ = {isa = PBXBuildFile; fileRef = FA62F09A2116FB5300C992A9 /* HomeViewController.swift */; };
		FA62F09D2116FB6100C992A9 /* LiveViewController.swift in Sources */ = {isa = PBXBuildFile; fileRef = FA62F09C2116FB6100C992A9 /* LiveViewController.swift */; };
		FA62F09F2116FB7400C992A9 /* ProfileViewController.swift in Sources */ = {isa = PBXBuildFile; fileRef = FA62F09E2116FB7400C992A9 /* ProfileViewController.swift */; };
		FA62F0A12116FB8700C992A9 /* FollowViewController.swift in Sources */ = {isa = PBXBuildFile; fileRef = FA62F0A02116FB8700C992A9 /* FollowViewController.swift */; };
		FA62F0DE2117175000C992A9 /* UIBarButtonItem_Extension.swift in Sources */ = {isa = PBXBuildFile; fileRef = FA62F0DD2117175000C992A9 /* UIBarButtonItem_Extension.swift */; };
		FA6CCEB12119D44F00804C0C /* AnchorGroup.swift in Sources */ = {isa = PBXBuildFile; fileRef = FA6CCEB02119D44F00804C0C /* AnchorGroup.swift */; };
		FA6CCEB32119DBAE00804C0C /* AnchorModel.swift in Sources */ = {isa = PBXBuildFile; fileRef = FA6CCEB22119DBAE00804C0C /* AnchorModel.swift */; };
		FA6CCEB7211AD7A300804C0C /* RecommendCycleView.swift in Sources */ = {isa = PBXBuildFile; fileRef = FA6CCEB6211AD7A300804C0C /* RecommendCycleView.swift */; };
		FA6CCEB9211AD7BC00804C0C /* RecommendCycleView.xib in Resources */ = {isa = PBXBuildFile; fileRef = FA6CCEB8211AD7BC00804C0C /* RecommendCycleView.xib */; };
		FA6CCEBB211B0D8A00804C0C /* CycleModel.swift in Sources */ = {isa = PBXBuildFile; fileRef = FA6CCEBA211B0D8A00804C0C /* CycleModel.swift */; };
		FA6CCEBE211B134800804C0C /* RecommendCycleCollectionCell.swift in Sources */ = {isa = PBXBuildFile; fileRef = FA6CCEBC211B134800804C0C /* RecommendCycleCollectionCell.swift */; };
		FA6CCEBF211B134800804C0C /* RecommendCycleCollectionCell.xib in Resources */ = {isa = PBXBuildFile; fileRef = FA6CCEBD211B134800804C0C /* RecommendCycleCollectionCell.xib */; };
		FA6CCEC1211C0B2900804C0C /* RecommendGameView.swift in Sources */ = {isa = PBXBuildFile; fileRef = FA6CCEC0211C0B2900804C0C /* RecommendGameView.swift */; };
		FA6CCEC3211C0B3900804C0C /* RecommendGameView.xib in Resources */ = {isa = PBXBuildFile; fileRef = FA6CCEC2211C0B3900804C0C /* RecommendGameView.xib */; };
		FA6CCEC6211C14FB00804C0C /* RecommendGameCollectionCell.swift in Sources */ = {isa = PBXBuildFile; fileRef = FA6CCEC4211C14FB00804C0C /* RecommendGameCollectionCell.swift */; };
		FA6CCEC7211C14FB00804C0C /* RecommendGameCollectionCell.xib in Resources */ = {isa = PBXBuildFile; fileRef = FA6CCEC5211C14FB00804C0C /* RecommendGameCollectionCell.xib */; };
		FA6CCEC9211ED2BC00804C0C /* GameViewController.swift in Sources */ = {isa = PBXBuildFile; fileRef = FA6CCEC8211ED2BC00804C0C /* GameViewController.swift */; };
		FA6CCECB211EDEF800804C0C /* GameViewModel.swift in Sources */ = {isa = PBXBuildFile; fileRef = FA6CCECA211EDEF800804C0C /* GameViewModel.swift */; };
		FA6CCECD211EE25000804C0C /* GameModel.swift in Sources */ = {isa = PBXBuildFile; fileRef = FA6CCECC211EE25000804C0C /* GameModel.swift */; };
		FA6CCECF211FEB5800804C0C /* PleasureViewController.swift in Sources */ = {isa = PBXBuildFile; fileRef = FA6CCECE211FEB5800804C0C /* PleasureViewController.swift */; };
		FA6CCED1211FECBA00804C0C /* PleasureViewModel.swift in Sources */ = {isa = PBXBuildFile; fileRef = FA6CCED0211FECBA00804C0C /* PleasureViewModel.swift */; };
/* End PBXBuildFile section */

/* Begin PBXContainerItemProxy section */
		FA62F0542115B58500C992A9 /* PBXContainerItemProxy */ = {
			isa = PBXContainerItemProxy;
			containerPortal = FA62F0372115B58400C992A9 /* Project object */;
			proxyType = 1;
			remoteGlobalIDString = FA62F03E2115B58400C992A9;
			remoteInfo = "DouYuLive-Swift";
		};
		FA62F05F2115B58500C992A9 /* PBXContainerItemProxy */ = {
			isa = PBXContainerItemProxy;
			containerPortal = FA62F0372115B58400C992A9 /* Project object */;
			proxyType = 1;
			remoteGlobalIDString = FA62F03E2115B58400C992A9;
			remoteInfo = "DouYuLive-Swift";
		};
/* End PBXContainerItemProxy section */

/* Begin PBXFileReference section */
		5B0D2FD74FB1D0ADE7759F3A /* Pods-DouYuLive-Swift.debug.xcconfig */ = {isa = PBXFileReference; includeInIndex = 1; lastKnownFileType = text.xcconfig; name = "Pods-DouYuLive-Swift.debug.xcconfig"; path = "Pods/Target Support Files/Pods-DouYuLive-Swift/Pods-DouYuLive-Swift.debug.xcconfig"; sourceTree = "<group>"; };
		D4F844B3D59E9ACF3839283F /* Pods_DouYuLive_Swift.framework */ = {isa = PBXFileReference; explicitFileType = wrapper.framework; includeInIndex = 0; path = Pods_DouYuLive_Swift.framework; sourceTree = BUILT_PRODUCTS_DIR; };
		F950104B3832A38D2402E1E9 /* Pods-DouYuLive-Swift.release.xcconfig */ = {isa = PBXFileReference; includeInIndex = 1; lastKnownFileType = text.xcconfig; name = "Pods-DouYuLive-Swift.release.xcconfig"; path = "Pods/Target Support Files/Pods-DouYuLive-Swift/Pods-DouYuLive-Swift.release.xcconfig"; sourceTree = "<group>"; };
		FA1DFF1C2121268A0081F7BD /* BaseViewModel.swift */ = {isa = PBXFileReference; lastKnownFileType = sourcecode.swift; path = BaseViewModel.swift; sourceTree = "<group>"; };
		FA1DFF1F21212D280081F7BD /* BaseAnchorViewController.swift */ = {isa = PBXFileReference; lastKnownFileType = sourcecode.swift; path = BaseAnchorViewController.swift; sourceTree = "<group>"; };
		FA1DFF2121215AA90081F7BD /* PleasureMenuView.swift */ = {isa = PBXFileReference; lastKnownFileType = sourcecode.swift; path = PleasureMenuView.swift; sourceTree = "<group>"; };
		FA1DFF2321215B1E0081F7BD /* PleasureMenuView.xib */ = {isa = PBXFileReference; lastKnownFileType = file.xib; path = PleasureMenuView.xib; sourceTree = "<group>"; };
		FA1DFF2521216AFE0081F7BD /* PleasureMenuCollectionCell.swift */ = {isa = PBXFileReference; lastKnownFileType = sourcecode.swift; path = PleasureMenuCollectionCell.swift; sourceTree = "<group>"; };
		FA1DFF2621216AFE0081F7BD /* PleasureMenuCollectionCell.xib */ = {isa = PBXFileReference; lastKnownFileType = file.xib; path = PleasureMenuCollectionCell.xib; sourceTree = "<group>"; };
		FA1DFF2921217C5A0081F7BD /* FunnyViewController.swift */ = {isa = PBXFileReference; lastKnownFileType = sourcecode.swift; path = FunnyViewController.swift; sourceTree = "<group>"; };
		FA1DFF2B212180F80081F7BD /* FunnyViewModel.swift */ = {isa = PBXFileReference; lastKnownFileType = sourcecode.swift; path = FunnyViewModel.swift; sourceTree = "<group>"; };
		FA1DFF93212527020081F7BD /* BaseViewController.swift */ = {isa = PBXFileReference; lastKnownFileType = sourcecode.swift; path = BaseViewController.swift; sourceTree = "<group>"; };
		FA1DFF9A212553340081F7BD /* RoomShowViewController.swift */ = {isa = PBXFileReference; lastKnownFileType = sourcecode.swift; path = RoomShowViewController.swift; sourceTree = "<group>"; };
		FA1DFF9C2125535A0081F7BD /* RoomNormalViewController.swift */ = {isa = PBXFileReference; lastKnownFileType = sourcecode.swift; path = RoomNormalViewController.swift; sourceTree = "<group>"; };
		FA251E0A2117DA0300246A4A /* PageTitleView.swift */ = {isa = PBXFileReference; lastKnownFileType = sourcecode.swift; path = PageTitleView.swift; sourceTree = "<group>"; };
		FA251E0C2117DD1500246A4A /* Common.swift */ = {isa = PBXFileReference; lastKnownFileType = sourcecode.swift; path = Common.swift; sourceTree = "<group>"; };
		FA251E0F2117EFBB00246A4A /* PageContentView.swift */ = {isa = PBXFileReference; lastKnownFileType = sourcecode.swift; path = PageContentView.swift; sourceTree = "<group>"; };
		FA251E112117F40A00246A4A /* UIColor_Extension.swift */ = {isa = PBXFileReference; lastKnownFileType = sourcecode.swift; path = UIColor_Extension.swift; sourceTree = "<group>"; };
		FA251E132118662600246A4A /* RecommendViewController.swift */ = {isa = PBXFileReference; lastKnownFileType = sourcecode.swift; path = RecommendViewController.swift; sourceTree = "<group>"; };
		FA251E15211874A800246A4A /* RecommendCollectionHeaderView.swift */ = {isa = PBXFileReference; lastKnownFileType = sourcecode.swift; path = RecommendCollectionHeaderView.swift; sourceTree = "<group>"; };
		FA251E16211874A800246A4A /* RecommendCollectionHeaderView.xib */ = {isa = PBXFileReference; lastKnownFileType = file.xib; path = RecommendCollectionHeaderView.xib; sourceTree = "<group>"; };
		FA251E1A21187D1000246A4A /* NormalLiveCollectionViewCell.swift */ = {isa = PBXFileReference; lastKnownFileType = sourcecode.swift; path = NormalLiveCollectionViewCell.swift; sourceTree = "<group>"; };
		FA251E1B21187D1000246A4A /* NormalLiveCollectionViewCell.xib */ = {isa = PBXFileReference; lastKnownFileType = file.xib; path = NormalLiveCollectionViewCell.xib; sourceTree = "<group>"; };
		FA251E1E21192D7000246A4A /* PrettyLiveCollectionViewCell.swift */ = {isa = PBXFileReference; lastKnownFileType = sourcecode.swift; path = PrettyLiveCollectionViewCell.swift; sourceTree = "<group>"; };
		FA251E1F21192D7000246A4A /* PrettyLiveCollectionViewCell.xib */ = {isa = PBXFileReference; lastKnownFileType = file.xib; path = PrettyLiveCollectionViewCell.xib; sourceTree = "<group>"; };
		FA251E5E2119755000246A4A /* NetworkTools.swift */ = {isa = PBXFileReference; fileEncoding = 4; lastKnownFileType = sourcecode.swift; path = NetworkTools.swift; sourceTree = "<group>"; };
		FA251E6121197A7200246A4A /* RecommendViewModel.swift */ = {isa = PBXFileReference; lastKnownFileType = sourcecode.swift; path = RecommendViewModel.swift; sourceTree = "<group>"; };
		FA251E632119809800246A4A /* NSDate_Extension.swift */ = {isa = PBXFileReference; lastKnownFileType = sourcecode.swift; path = NSDate_Extension.swift; sourceTree = "<group>"; };
		FA62F03F2115B58400C992A9 /* DouYuLive-Swift.app */ = {isa = PBXFileReference; explicitFileType = wrapper.application; includeInIndex = 0; path = "DouYuLive-Swift.app"; sourceTree = BUILT_PRODUCTS_DIR; };
		FA62F0422115B58400C992A9 /* AppDelegate.swift */ = {isa = PBXFileReference; lastKnownFileType = sourcecode.swift; path = AppDelegate.swift; sourceTree = "<group>"; };
		FA62F0492115B58500C992A9 /* Assets.xcassets */ = {isa = PBXFileReference; lastKnownFileType = folder.assetcatalog; path = Assets.xcassets; sourceTree = "<group>"; };
		FA62F04E2115B58500C992A9 /* Info.plist */ = {isa = PBXFileReference; lastKnownFileType = text.plist.xml; path = Info.plist; sourceTree = "<group>"; };
		FA62F0532115B58500C992A9 /* DouYuLive-SwiftTests.xctest */ = {isa = PBXFileReference; explicitFileType = wrapper.cfbundle; includeInIndex = 0; path = "DouYuLive-SwiftTests.xctest"; sourceTree = BUILT_PRODUCTS_DIR; };
		FA62F0572115B58500C992A9 /* DouYuLive_SwiftTests.swift */ = {isa = PBXFileReference; lastKnownFileType = sourcecode.swift; path = DouYuLive_SwiftTests.swift; sourceTree = "<group>"; };
		FA62F0592115B58500C992A9 /* Info.plist */ = {isa = PBXFileReference; lastKnownFileType = text.plist.xml; path = Info.plist; sourceTree = "<group>"; };
		FA62F05E2115B58500C992A9 /* DouYuLive-SwiftUITests.xctest */ = {isa = PBXFileReference; explicitFileType = wrapper.cfbundle; includeInIndex = 0; path = "DouYuLive-SwiftUITests.xctest"; sourceTree = BUILT_PRODUCTS_DIR; };
		FA62F0622115B58500C992A9 /* DouYuLive_SwiftUITests.swift */ = {isa = PBXFileReference; lastKnownFileType = sourcecode.swift; path = DouYuLive_SwiftUITests.swift; sourceTree = "<group>"; };
		FA62F0642115B58500C992A9 /* Info.plist */ = {isa = PBXFileReference; lastKnownFileType = text.plist.xml; path = Info.plist; sourceTree = "<group>"; };
		FA62F0782115D42300C992A9 /* DYTabBarController.swift */ = {isa = PBXFileReference; lastKnownFileType = sourcecode.swift; path = DYTabBarController.swift; sourceTree = "<group>"; };
		FA62F08C2116F91300C992A9 /* DYNavigationController.swift */ = {isa = PBXFileReference; lastKnownFileType = sourcecode.swift; path = DYNavigationController.swift; sourceTree = "<group>"; };
		FA62F09A2116FB5300C992A9 /* HomeViewController.swift */ = {isa = PBXFileReference; lastKnownFileType = sourcecode.swift; path = HomeViewController.swift; sourceTree = "<group>"; };
		FA62F09C2116FB6100C992A9 /* LiveViewController.swift */ = {isa = PBXFileReference; lastKnownFileType = sourcecode.swift; path = LiveViewController.swift; sourceTree = "<group>"; };
		FA62F09E2116FB7400C992A9 /* ProfileViewController.swift */ = {isa = PBXFileReference; lastKnownFileType = sourcecode.swift; path = ProfileViewController.swift; sourceTree = "<group>"; };
		FA62F0A02116FB8700C992A9 /* FollowViewController.swift */ = {isa = PBXFileReference; lastKnownFileType = sourcecode.swift; path = FollowViewController.swift; sourceTree = "<group>"; };
		FA62F0DD2117175000C992A9 /* UIBarButtonItem_Extension.swift */ = {isa = PBXFileReference; lastKnownFileType = sourcecode.swift; path = UIBarButtonItem_Extension.swift; sourceTree = "<group>"; };
		FA6CCEB02119D44F00804C0C /* AnchorGroup.swift */ = {isa = PBXFileReference; lastKnownFileType = sourcecode.swift; path = AnchorGroup.swift; sourceTree = "<group>"; };
		FA6CCEB22119DBAE00804C0C /* AnchorModel.swift */ = {isa = PBXFileReference; lastKnownFileType = sourcecode.swift; path = AnchorModel.swift; sourceTree = "<group>"; };
		FA6CCEB6211AD7A300804C0C /* RecommendCycleView.swift */ = {isa = PBXFileReference; lastKnownFileType = sourcecode.swift; path = RecommendCycleView.swift; sourceTree = "<group>"; };
		FA6CCEB8211AD7BC00804C0C /* RecommendCycleView.xib */ = {isa = PBXFileReference; lastKnownFileType = file.xib; path = RecommendCycleView.xib; sourceTree = "<group>"; };
		FA6CCEBA211B0D8A00804C0C /* CycleModel.swift */ = {isa = PBXFileReference; lastKnownFileType = sourcecode.swift; path = CycleModel.swift; sourceTree = "<group>"; };
		FA6CCEBC211B134800804C0C /* RecommendCycleCollectionCell.swift */ = {isa = PBXFileReference; lastKnownFileType = sourcecode.swift; path = RecommendCycleCollectionCell.swift; sourceTree = "<group>"; };
		FA6CCEBD211B134800804C0C /* RecommendCycleCollectionCell.xib */ = {isa = PBXFileReference; lastKnownFileType = file.xib; path = RecommendCycleCollectionCell.xib; sourceTree = "<group>"; };
		FA6CCEC0211C0B2900804C0C /* RecommendGameView.swift */ = {isa = PBXFileReference; lastKnownFileType = sourcecode.swift; path = RecommendGameView.swift; sourceTree = "<group>"; };
		FA6CCEC2211C0B3900804C0C /* RecommendGameView.xib */ = {isa = PBXFileReference; lastKnownFileType = file.xib; path = RecommendGameView.xib; sourceTree = "<group>"; };
		FA6CCEC4211C14FB00804C0C /* RecommendGameCollectionCell.swift */ = {isa = PBXFileReference; lastKnownFileType = sourcecode.swift; path = RecommendGameCollectionCell.swift; sourceTree = "<group>"; };
		FA6CCEC5211C14FB00804C0C /* RecommendGameCollectionCell.xib */ = {isa = PBXFileReference; lastKnownFileType = file.xib; path = RecommendGameCollectionCell.xib; sourceTree = "<group>"; };
		FA6CCEC8211ED2BC00804C0C /* GameViewController.swift */ = {isa = PBXFileReference; lastKnownFileType = sourcecode.swift; path = GameViewController.swift; sourceTree = "<group>"; };
		FA6CCECA211EDEF800804C0C /* GameViewModel.swift */ = {isa = PBXFileReference; lastKnownFileType = sourcecode.swift; path = GameViewModel.swift; sourceTree = "<group>"; };
		FA6CCECC211EE25000804C0C /* GameModel.swift */ = {isa = PBXFileReference; lastKnownFileType = sourcecode.swift; path = GameModel.swift; sourceTree = "<group>"; };
		FA6CCECE211FEB5800804C0C /* PleasureViewController.swift */ = {isa = PBXFileReference; lastKnownFileType = sourcecode.swift; path = PleasureViewController.swift; sourceTree = "<group>"; };
		FA6CCED0211FECBA00804C0C /* PleasureViewModel.swift */ = {isa = PBXFileReference; lastKnownFileType = sourcecode.swift; path = PleasureViewModel.swift; sourceTree = "<group>"; };
/* End PBXFileReference section */

/* Begin PBXFrameworksBuildPhase section */
		FA62F03C2115B58400C992A9 /* Frameworks */ = {
			isa = PBXFrameworksBuildPhase;
			buildActionMask = 2147483647;
			files = (
				2DCFF0834E07D562EC6CA2C2 /* Pods_DouYuLive_Swift.framework in Frameworks */,
			);
			runOnlyForDeploymentPostprocessing = 0;
		};
		FA62F0502115B58500C992A9 /* Frameworks */ = {
			isa = PBXFrameworksBuildPhase;
			buildActionMask = 2147483647;
			files = (
			);
			runOnlyForDeploymentPostprocessing = 0;
		};
		FA62F05B2115B58500C992A9 /* Frameworks */ = {
			isa = PBXFrameworksBuildPhase;
			buildActionMask = 2147483647;
			files = (
			);
			runOnlyForDeploymentPostprocessing = 0;
		};
/* End PBXFrameworksBuildPhase section */

/* Begin PBXGroup section */
		4FE79D3CCF24AE193E90B482 /* Pods */ = {
			isa = PBXGroup;
			children = (
				5B0D2FD74FB1D0ADE7759F3A /* Pods-DouYuLive-Swift.debug.xcconfig */,
				F950104B3832A38D2402E1E9 /* Pods-DouYuLive-Swift.release.xcconfig */,
			);
			name = Pods;
			sourceTree = "<group>";
		};
		DA939292033D2FC59074570B /* Frameworks */ = {
			isa = PBXGroup;
			children = (
				D4F844B3D59E9ACF3839283F /* Pods_DouYuLive_Swift.framework */,
			);
			name = Frameworks;
			sourceTree = "<group>";
		};
		FA1DFF1B2121265A0081F7BD /* ViewModel */ = {
			isa = PBXGroup;
			children = (
				FA1DFF1C2121268A0081F7BD /* BaseViewModel.swift */,
			);
			path = ViewModel;
			sourceTree = "<group>";
		};
		FA1DFF1E21212D120081F7BD /* ViewController */ = {
			isa = PBXGroup;
			children = (
				FA1DFF93212527020081F7BD /* BaseViewController.swift */,
				FA1DFF1F21212D280081F7BD /* BaseAnchorViewController.swift */,
			);
			path = ViewController;
			sourceTree = "<group>";
		};
		FA1DFF95212551760081F7BD /* Room */ = {
			isa = PBXGroup;
			children = (
				FA1DFF96212551760081F7BD /* Controller */,
				FA1DFF97212551760081F7BD /* Model */,
				FA1DFF98212551760081F7BD /* View */,
				FA1DFF99212551760081F7BD /* ViewModel */,
			);
			path = Room;
			sourceTree = "<group>";
		};
		FA1DFF96212551760081F7BD /* Controller */ = {
			isa = PBXGroup;
			children = (
				FA1DFF9A212553340081F7BD /* RoomShowViewController.swift */,
				FA1DFF9C2125535A0081F7BD /* RoomNormalViewController.swift */,
			);
			path = Controller;
			sourceTree = "<group>";
		};
		FA1DFF97212551760081F7BD /* Model */ = {
			isa = PBXGroup;
			children = (
			);
			path = Model;
			sourceTree = "<group>";
		};
		FA1DFF98212551760081F7BD /* View */ = {
			isa = PBXGroup;
			children = (
			);
			path = View;
			sourceTree = "<group>";
		};
		FA1DFF99212551760081F7BD /* ViewModel */ = {
			isa = PBXGroup;
			children = (
			);
			path = ViewModel;
			sourceTree = "<group>";
		};
		FA251E092117D9EE00246A4A /* CustomPageTitleView */ = {
			isa = PBXGroup;
			children = (
				FA251E0A2117DA0300246A4A /* PageTitleView.swift */,
			);
			path = CustomPageTitleView;
			sourceTree = "<group>";
		};
		FA251E0E2117EFA500246A4A /* CustomPageContentView */ = {
			isa = PBXGroup;
			children = (
				FA251E0F2117EFBB00246A4A /* PageContentView.swift */,
			);
			path = CustomPageContentView;
			sourceTree = "<group>";
		};
		FA251E1921187CDD00246A4A /* CustomLiveCell */ = {
			isa = PBXGroup;
			children = (
				FA251E1A21187D1000246A4A /* NormalLiveCollectionViewCell.swift */,
				FA251E1B21187D1000246A4A /* NormalLiveCollectionViewCell.xib */,
				FA251E1E21192D7000246A4A /* PrettyLiveCollectionViewCell.swift */,
				FA251E1F21192D7000246A4A /* PrettyLiveCollectionViewCell.xib */,
			);
			path = CustomLiveCell;
			sourceTree = "<group>";
		};
		FA251E6021197A4700246A4A /* ViewModel */ = {
			isa = PBXGroup;
			children = (
				FA251E6121197A7200246A4A /* RecommendViewModel.swift */,
				FA6CCECA211EDEF800804C0C /* GameViewModel.swift */,
				FA6CCED0211FECBA00804C0C /* PleasureViewModel.swift */,
				FA1DFF2B212180F80081F7BD /* FunnyViewModel.swift */,
			);
			path = ViewModel;
			sourceTree = "<group>";
		};
		FA62F0362115B58400C992A9 = {
			isa = PBXGroup;
			children = (
				FA62F0412115B58400C992A9 /* DouYuLive-Swift */,
				FA62F0562115B58500C992A9 /* DouYuLive-SwiftTests */,
				FA62F0612115B58500C992A9 /* DouYuLive-SwiftUITests */,
				FA62F0402115B58400C992A9 /* Products */,
				4FE79D3CCF24AE193E90B482 /* Pods */,
				DA939292033D2FC59074570B /* Frameworks */,
			);
			sourceTree = "<group>";
		};
		FA62F0402115B58400C992A9 /* Products */ = {
			isa = PBXGroup;
			children = (
				FA62F03F2115B58400C992A9 /* DouYuLive-Swift.app */,
				FA62F0532115B58500C992A9 /* DouYuLive-SwiftTests.xctest */,
				FA62F05E2115B58500C992A9 /* DouYuLive-SwiftUITests.xctest */,
			);
			name = Products;
			sourceTree = "<group>";
		};
		FA62F0412115B58400C992A9 /* DouYuLive-Swift */ = {
			isa = PBXGroup;
			children = (
				FA62F0702115C17700C992A9 /* Classes */,
				FA62F0422115B58400C992A9 /* AppDelegate.swift */,
				FA62F0492115B58500C992A9 /* Assets.xcassets */,
				FA62F04E2115B58500C992A9 /* Info.plist */,
			);
			path = "DouYuLive-Swift";
			sourceTree = "<group>";
		};
		FA62F0562115B58500C992A9 /* DouYuLive-SwiftTests */ = {
			isa = PBXGroup;
			children = (
				FA62F0572115B58500C992A9 /* DouYuLive_SwiftTests.swift */,
				FA62F0592115B58500C992A9 /* Info.plist */,
			);
			path = "DouYuLive-SwiftTests";
			sourceTree = "<group>";
		};
		FA62F0612115B58500C992A9 /* DouYuLive-SwiftUITests */ = {
			isa = PBXGroup;
			children = (
				FA62F0622115B58500C992A9 /* DouYuLive_SwiftUITests.swift */,
				FA62F0642115B58500C992A9 /* Info.plist */,
			);
			path = "DouYuLive-SwiftUITests";
			sourceTree = "<group>";
		};
		FA62F0702115C17700C992A9 /* Classes */ = {
			isa = PBXGroup;
			children = (
				FA62F0742115C17700C992A9 /* Main */,
				FA62F0712115C17700C992A9 /* Follow */,
				FA1DFF95212551760081F7BD /* Room */,
				FA62F0722115C17700C992A9 /* Home */,
				FA62F0732115C17700C992A9 /* Live */,
				FA62F0752115C17700C992A9 /* Profile */,
				FA62F0762115C17700C992A9 /* Tools */,
			);
			path = Classes;
			sourceTree = "<group>";
		};
		FA62F0712115C17700C992A9 /* Follow */ = {
			isa = PBXGroup;
			children = (
				FA62F08E2116FB2700C992A9 /* Controller */,
				FA62F08F2116FB2700C992A9 /* Model */,
				FA62F0902116FB2700C992A9 /* View */,
			);
			path = Follow;
			sourceTree = "<group>";
		};
		FA62F0722115C17700C992A9 /* Home */ = {
			isa = PBXGroup;
			children = (
				FA251E6021197A4700246A4A /* ViewModel */,
				FA62F0932116FB3000C992A9 /* Controller */,
				FA62F0922116FB2F00C992A9 /* Model */,
				FA62F0912116FB2F00C992A9 /* View */,
			);
			path = Home;
			sourceTree = "<group>";
		};
		FA62F0732115C17700C992A9 /* Live */ = {
			isa = PBXGroup;
			children = (
				FA62F0952116FB3800C992A9 /* Controller */,
				FA62F0962116FB3800C992A9 /* Model */,
				FA62F0942116FB3800C992A9 /* View */,
			);
			path = Live;
			sourceTree = "<group>";
		};
		FA62F0742115C17700C992A9 /* Main */ = {
			isa = PBXGroup;
			children = (
				FA1DFF1E21212D120081F7BD /* ViewController */,
				FA1DFF1B2121265A0081F7BD /* ViewModel */,
				FA251E1921187CDD00246A4A /* CustomLiveCell */,
				FA251E0E2117EFA500246A4A /* CustomPageContentView */,
				FA251E092117D9EE00246A4A /* CustomPageTitleView */,
				FA62F08B2116F8F000C992A9 /* UINavigationController */,
				FA62F0772115D3EC00C992A9 /* UITabBarController */,
			);
			path = Main;
			sourceTree = "<group>";
		};
		FA62F0752115C17700C992A9 /* Profile */ = {
			isa = PBXGroup;
			children = (
				FA62F0992116FB3F00C992A9 /* Controller */,
				FA62F0972116FB3F00C992A9 /* Model */,
				FA62F0982116FB3F00C992A9 /* View */,
			);
			path = Profile;
			sourceTree = "<group>";
		};
		FA62F0762115C17700C992A9 /* Tools */ = {
			isa = PBXGroup;
			children = (
				FA62F0DC2117170800C992A9 /* Extension */,
				FA251E0C2117DD1500246A4A /* Common.swift */,
				FA251E5E2119755000246A4A /* NetworkTools.swift */,
			);
			path = Tools;
			sourceTree = "<group>";
		};
		FA62F0772115D3EC00C992A9 /* UITabBarController */ = {
			isa = PBXGroup;
			children = (
				FA62F0782115D42300C992A9 /* DYTabBarController.swift */,
			);
			path = UITabBarController;
			sourceTree = "<group>";
		};
		FA62F08B2116F8F000C992A9 /* UINavigationController */ = {
			isa = PBXGroup;
			children = (
				FA62F08C2116F91300C992A9 /* DYNavigationController.swift */,
			);
			path = UINavigationController;
			sourceTree = "<group>";
		};
		FA62F08E2116FB2700C992A9 /* Controller */ = {
			isa = PBXGroup;
			children = (
				FA62F0A02116FB8700C992A9 /* FollowViewController.swift */,
			);
			path = Controller;
			sourceTree = "<group>";
		};
		FA62F08F2116FB2700C992A9 /* Model */ = {
			isa = PBXGroup;
			children = (
			);
			path = Model;
			sourceTree = "<group>";
		};
		FA62F0902116FB2700C992A9 /* View */ = {
			isa = PBXGroup;
			children = (
			);
			path = View;
			sourceTree = "<group>";
		};
		FA62F0912116FB2F00C992A9 /* View */ = {
			isa = PBXGroup;
			children = (
				FA251E15211874A800246A4A /* RecommendCollectionHeaderView.swift */,
				FA251E16211874A800246A4A /* RecommendCollectionHeaderView.xib */,
				FA6CCEB6211AD7A300804C0C /* RecommendCycleView.swift */,
				FA6CCEB8211AD7BC00804C0C /* RecommendCycleView.xib */,
				FA6CCEBC211B134800804C0C /* RecommendCycleCollectionCell.swift */,
				FA6CCEBD211B134800804C0C /* RecommendCycleCollectionCell.xib */,
				FA6CCEC0211C0B2900804C0C /* RecommendGameView.swift */,
				FA6CCEC2211C0B3900804C0C /* RecommendGameView.xib */,
				FA6CCEC4211C14FB00804C0C /* RecommendGameCollectionCell.swift */,
				FA6CCEC5211C14FB00804C0C /* RecommendGameCollectionCell.xib */,
				FA1DFF2121215AA90081F7BD /* PleasureMenuView.swift */,
				FA1DFF2321215B1E0081F7BD /* PleasureMenuView.xib */,
				FA1DFF2521216AFE0081F7BD /* PleasureMenuCollectionCell.swift */,
				FA1DFF2621216AFE0081F7BD /* PleasureMenuCollectionCell.xib */,
			);
			path = View;
			sourceTree = "<group>";
		};
		FA62F0922116FB2F00C992A9 /* Model */ = {
			isa = PBXGroup;
			children = (
				FA6CCEB02119D44F00804C0C /* AnchorGroup.swift */,
				FA6CCEB22119DBAE00804C0C /* AnchorModel.swift */,
				FA6CCEBA211B0D8A00804C0C /* CycleModel.swift */,
				FA6CCECC211EE25000804C0C /* GameModel.swift */,
			);
			path = Model;
			sourceTree = "<group>";
		};
		FA62F0932116FB3000C992A9 /* Controller */ = {
			isa = PBXGroup;
			children = (
				FA62F09A2116FB5300C992A9 /* HomeViewController.swift */,
				FA251E132118662600246A4A /* RecommendViewController.swift */,
				FA6CCEC8211ED2BC00804C0C /* GameViewController.swift */,
				FA6CCECE211FEB5800804C0C /* PleasureViewController.swift */,
				FA1DFF2921217C5A0081F7BD /* FunnyViewController.swift */,
			);
			path = Controller;
			sourceTree = "<group>";
		};
		FA62F0942116FB3800C992A9 /* View */ = {
			isa = PBXGroup;
			children = (
			);
			path = View;
			sourceTree = "<group>";
		};
		FA62F0952116FB3800C992A9 /* Controller */ = {
			isa = PBXGroup;
			children = (
				FA62F09C2116FB6100C992A9 /* LiveViewController.swift */,
			);
			path = Controller;
			sourceTree = "<group>";
		};
		FA62F0962116FB3800C992A9 /* Model */ = {
			isa = PBXGroup;
			children = (
			);
			path = Model;
			sourceTree = "<group>";
		};
		FA62F0972116FB3F00C992A9 /* Model */ = {
			isa = PBXGroup;
			children = (
			);
			path = Model;
			sourceTree = "<group>";
		};
		FA62F0982116FB3F00C992A9 /* View */ = {
			isa = PBXGroup;
			children = (
			);
			path = View;
			sourceTree = "<group>";
		};
		FA62F0992116FB3F00C992A9 /* Controller */ = {
			isa = PBXGroup;
			children = (
				FA62F09E2116FB7400C992A9 /* ProfileViewController.swift */,
			);
			path = Controller;
			sourceTree = "<group>";
		};
		FA62F0DC2117170800C992A9 /* Extension */ = {
			isa = PBXGroup;
			children = (
				FA62F0DD2117175000C992A9 /* UIBarButtonItem_Extension.swift */,
				FA251E112117F40A00246A4A /* UIColor_Extension.swift */,
				FA251E632119809800246A4A /* NSDate_Extension.swift */,
			);
			path = Extension;
			sourceTree = "<group>";
		};
/* End PBXGroup section */

/* Begin PBXNativeTarget section */
		FA62F03E2115B58400C992A9 /* DouYuLive-Swift */ = {
			isa = PBXNativeTarget;
			buildConfigurationList = FA62F0672115B58500C992A9 /* Build configuration list for PBXNativeTarget "DouYuLive-Swift" */;
			buildPhases = (
				A5651C592F30544D96DC402F /* [CP] Check Pods Manifest.lock */,
				FA62F03B2115B58400C992A9 /* Sources */,
				FA62F03C2115B58400C992A9 /* Frameworks */,
				FA62F03D2115B58400C992A9 /* Resources */,
				6FF38FD960EF9598389E2311 /* [CP] Embed Pods Frameworks */,
			);
			buildRules = (
			);
			dependencies = (
			);
			name = "DouYuLive-Swift";
			productName = "DouYuLive-Swift";
			productReference = FA62F03F2115B58400C992A9 /* DouYuLive-Swift.app */;
			productType = "com.apple.product-type.application";
		};
		FA62F0522115B58500C992A9 /* DouYuLive-SwiftTests */ = {
			isa = PBXNativeTarget;
			buildConfigurationList = FA62F06A2115B58500C992A9 /* Build configuration list for PBXNativeTarget "DouYuLive-SwiftTests" */;
			buildPhases = (
				FA62F04F2115B58500C992A9 /* Sources */,
				FA62F0502115B58500C992A9 /* Frameworks */,
				FA62F0512115B58500C992A9 /* Resources */,
			);
			buildRules = (
			);
			dependencies = (
				FA62F0552115B58500C992A9 /* PBXTargetDependency */,
			);
			name = "DouYuLive-SwiftTests";
			productName = "DouYuLive-SwiftTests";
			productReference = FA62F0532115B58500C992A9 /* DouYuLive-SwiftTests.xctest */;
			productType = "com.apple.product-type.bundle.unit-test";
		};
		FA62F05D2115B58500C992A9 /* DouYuLive-SwiftUITests */ = {
			isa = PBXNativeTarget;
			buildConfigurationList = FA62F06D2115B58500C992A9 /* Build configuration list for PBXNativeTarget "DouYuLive-SwiftUITests" */;
			buildPhases = (
				FA62F05A2115B58500C992A9 /* Sources */,
				FA62F05B2115B58500C992A9 /* Frameworks */,
				FA62F05C2115B58500C992A9 /* Resources */,
			);
			buildRules = (
			);
			dependencies = (
				FA62F0602115B58500C992A9 /* PBXTargetDependency */,
			);
			name = "DouYuLive-SwiftUITests";
			productName = "DouYuLive-SwiftUITests";
			productReference = FA62F05E2115B58500C992A9 /* DouYuLive-SwiftUITests.xctest */;
			productType = "com.apple.product-type.bundle.ui-testing";
		};
/* End PBXNativeTarget section */

/* Begin PBXProject section */
		FA62F0372115B58400C992A9 /* Project object */ = {
			isa = PBXProject;
			attributes = {
				LastSwiftUpdateCheck = 0920;
				LastUpgradeCheck = 0920;
				ORGANIZATIONNAME = macbook;
				TargetAttributes = {
					FA62F03E2115B58400C992A9 = {
						CreatedOnToolsVersion = 9.2;
						ProvisioningStyle = Automatic;
					};
					FA62F0522115B58500C992A9 = {
						CreatedOnToolsVersion = 9.2;
						ProvisioningStyle = Automatic;
						TestTargetID = FA62F03E2115B58400C992A9;
					};
					FA62F05D2115B58500C992A9 = {
						CreatedOnToolsVersion = 9.2;
						ProvisioningStyle = Automatic;
						TestTargetID = FA62F03E2115B58400C992A9;
					};
				};
			};
			buildConfigurationList = FA62F03A2115B58400C992A9 /* Build configuration list for PBXProject "DouYuLive-Swift" */;
			compatibilityVersion = "Xcode 8.0";
			developmentRegion = en;
			hasScannedForEncodings = 0;
			knownRegions = (
				en,
				Base,
			);
			mainGroup = FA62F0362115B58400C992A9;
			productRefGroup = FA62F0402115B58400C992A9 /* Products */;
			projectDirPath = "";
			projectRoot = "";
			targets = (
				FA62F03E2115B58400C992A9 /* DouYuLive-Swift */,
				FA62F0522115B58500C992A9 /* DouYuLive-SwiftTests */,
				FA62F05D2115B58500C992A9 /* DouYuLive-SwiftUITests */,
			);
		};
/* End PBXProject section */

/* Begin PBXResourcesBuildPhase section */
		FA62F03D2115B58400C992A9 /* Resources */ = {
			isa = PBXResourcesBuildPhase;
			buildActionMask = 2147483647;
			files = (
				FA6CCEC7211C14FB00804C0C /* RecommendGameCollectionCell.xib in Resources */,
				FA6CCEB9211AD7BC00804C0C /* RecommendCycleView.xib in Resources */,
				FA251E2121192D7000246A4A /* PrettyLiveCollectionViewCell.xib in Resources */,
				FA1DFF2821216AFE0081F7BD /* PleasureMenuCollectionCell.xib in Resources */,
				FA1DFF2421215B1E0081F7BD /* PleasureMenuView.xib in Resources */,
				FA6CCEBF211B134800804C0C /* RecommendCycleCollectionCell.xib in Resources */,
				FA251E18211874A800246A4A /* RecommendCollectionHeaderView.xib in Resources */,
				FA62F04A2115B58500C992A9 /* Assets.xcassets in Resources */,
				FA6CCEC3211C0B3900804C0C /* RecommendGameView.xib in Resources */,
				FA251E1D21187D1000246A4A /* NormalLiveCollectionViewCell.xib in Resources */,
			);
			runOnlyForDeploymentPostprocessing = 0;
		};
		FA62F0512115B58500C992A9 /* Resources */ = {
			isa = PBXResourcesBuildPhase;
			buildActionMask = 2147483647;
			files = (
			);
			runOnlyForDeploymentPostprocessing = 0;
		};
		FA62F05C2115B58500C992A9 /* Resources */ = {
			isa = PBXResourcesBuildPhase;
			buildActionMask = 2147483647;
			files = (
			);
			runOnlyForDeploymentPostprocessing = 0;
		};
/* End PBXResourcesBuildPhase section */

/* Begin PBXShellScriptBuildPhase section */
		6FF38FD960EF9598389E2311 /* [CP] Embed Pods Frameworks */ = {
			isa = PBXShellScriptBuildPhase;
			buildActionMask = 2147483647;
			files = (
			);
			inputPaths = (
				"${SRCROOT}/Pods/Target Support Files/Pods-DouYuLive-Swift/Pods-DouYuLive-Swift-frameworks.sh",
				"${BUILT_PRODUCTS_DIR}/Alamofire/Alamofire.framework",
				"${BUILT_PRODUCTS_DIR}/Kingfisher/Kingfisher.framework",
			);
			name = "[CP] Embed Pods Frameworks";
			outputPaths = (
				"${TARGET_BUILD_DIR}/${FRAMEWORKS_FOLDER_PATH}/Alamofire.framework",
				"${TARGET_BUILD_DIR}/${FRAMEWORKS_FOLDER_PATH}/Kingfisher.framework",
			);
			runOnlyForDeploymentPostprocessing = 0;
			shellPath = /bin/sh;
			shellScript = "\"${SRCROOT}/Pods/Target Support Files/Pods-DouYuLive-Swift/Pods-DouYuLive-Swift-frameworks.sh\"\n";
			showEnvVarsInLog = 0;
		};
		A5651C592F30544D96DC402F /* [CP] Check Pods Manifest.lock */ = {
			isa = PBXShellScriptBuildPhase;
			buildActionMask = 2147483647;
			files = (
			);
			inputPaths = (
				"${PODS_PODFILE_DIR_PATH}/Podfile.lock",
				"${PODS_ROOT}/Manifest.lock",
			);
			name = "[CP] Check Pods Manifest.lock";
			outputPaths = (
				"$(DERIVED_FILE_DIR)/Pods-DouYuLive-Swift-checkManifestLockResult.txt",
			);
			runOnlyForDeploymentPostprocessing = 0;
			shellPath = /bin/sh;
			shellScript = "diff \"${PODS_PODFILE_DIR_PATH}/Podfile.lock\" \"${PODS_ROOT}/Manifest.lock\" > /dev/null\nif [ $? != 0 ] ; then\n    # print error to STDERR\n    echo \"error: The sandbox is not in sync with the Podfile.lock. Run 'pod install' or update your CocoaPods installation.\" >&2\n    exit 1\nfi\n# This output is used by Xcode 'outputs' to avoid re-running this script phase.\necho \"SUCCESS\" > \"${SCRIPT_OUTPUT_FILE_0}\"\n";
			showEnvVarsInLog = 0;
		};
/* End PBXShellScriptBuildPhase section */

/* Begin PBXSourcesBuildPhase section */
		FA62F03B2115B58400C992A9 /* Sources */ = {
			isa = PBXSourcesBuildPhase;
			buildActionMask = 2147483647;
			files = (
				FA1DFF2C212180F80081F7BD /* FunnyViewModel.swift in Sources */,
				FA62F09F2116FB7400C992A9 /* ProfileViewController.swift in Sources */,
				FA6CCEB32119DBAE00804C0C /* AnchorModel.swift in Sources */,
				FA251E5F2119755000246A4A /* NetworkTools.swift in Sources */,
				FA62F0792115D42300C992A9 /* DYTabBarController.swift in Sources */,
				FA1DFF9B212553340081F7BD /* RoomShowViewController.swift in Sources */,
				FA251E102117EFBB00246A4A /* PageContentView.swift in Sources */,
				FA251E642119809800246A4A /* NSDate_Extension.swift in Sources */,
				FA1DFF2221215AA90081F7BD /* PleasureMenuView.swift in Sources */,
				FA251E1C21187D1000246A4A /* NormalLiveCollectionViewCell.swift in Sources */,
				FA62F0432115B58400C992A9 /* AppDelegate.swift in Sources */,
				FA251E17211874A800246A4A /* RecommendCollectionHeaderView.swift in Sources */,
				FA251E6221197A7200246A4A /* RecommendViewModel.swift in Sources */,
				FA251E142118662600246A4A /* RecommendViewController.swift in Sources */,
				FA6CCEC1211C0B2900804C0C /* RecommendGameView.swift in Sources */,
				FA62F08D2116F91300C992A9 /* DYNavigationController.swift in Sources */,
				FA6CCEC9211ED2BC00804C0C /* GameViewController.swift in Sources */,
				FA6CCECD211EE25000804C0C /* GameModel.swift in Sources */,
				FA62F0DE2117175000C992A9 /* UIBarButtonItem_Extension.swift in Sources */,
				FA6CCEB12119D44F00804C0C /* AnchorGroup.swift in Sources */,
				FA62F09B2116FB5300C992A9 /* HomeViewController.swift in Sources */,
				FA6CCEBE211B134800804C0C /* RecommendCycleCollectionCell.swift in Sources */,
				FA251E0B2117DA0300246A4A /* PageTitleView.swift in Sources */,
				FA62F09D2116FB6100C992A9 /* LiveViewController.swift in Sources */,
				FA1DFF94212527020081F7BD /* BaseViewController.swift in Sources */,
				FA1DFF2021212D280081F7BD /* BaseAnchorViewController.swift in Sources */,
				FA1DFF2A21217C5A0081F7BD /* FunnyViewController.swift in Sources */,
				FA1DFF1D2121268A0081F7BD /* BaseViewModel.swift in Sources */,
				FA6CCECF211FEB5800804C0C /* PleasureViewController.swift in Sources */,
				FA6CCED1211FECBA00804C0C /* PleasureViewModel.swift in Sources */,
				FA6CCECB211EDEF800804C0C /* GameViewModel.swift in Sources */,
				FA251E2021192D7000246A4A /* PrettyLiveCollectionViewCell.swift in Sources */,
				FA251E0D2117DD1500246A4A /* Common.swift in Sources */,
				FA62F0A12116FB8700C992A9 /* FollowViewController.swift in Sources */,
				FA1DFF2721216AFE0081F7BD /* PleasureMenuCollectionCell.swift in Sources */,
				FA6CCEC6211C14FB00804C0C /* RecommendGameCollectionCell.swift in Sources */,
				FA6CCEB7211AD7A300804C0C /* RecommendCycleView.swift in Sources */,
				FA6CCEBB211B0D8A00804C0C /* CycleModel.swift in Sources */,
				FA1DFF9D2125535A0081F7BD /* RoomNormalViewController.swift in Sources */,
				FA251E122117F40A00246A4A /* UIColor_Extension.swift in Sources */,
			);
			runOnlyForDeploymentPostprocessing = 0;
		};
		FA62F04F2115B58500C992A9 /* Sources */ = {
			isa = PBXSourcesBuildPhase;
			buildActionMask = 2147483647;
			files = (
				FA62F0582115B58500C992A9 /* DouYuLive_SwiftTests.swift in Sources */,
			);
			runOnlyForDeploymentPostprocessing = 0;
		};
		FA62F05A2115B58500C992A9 /* Sources */ = {
			isa = PBXSourcesBuildPhase;
			buildActionMask = 2147483647;
			files = (
				FA62F0632115B58500C992A9 /* DouYuLive_SwiftUITests.swift in Sources */,
			);
			runOnlyForDeploymentPostprocessing = 0;
		};
/* End PBXSourcesBuildPhase section */

/* Begin PBXTargetDependency section */
		FA62F0552115B58500C992A9 /* PBXTargetDependency */ = {
			isa = PBXTargetDependency;
			target = FA62F03E2115B58400C992A9 /* DouYuLive-Swift */;
			targetProxy = FA62F0542115B58500C992A9 /* PBXContainerItemProxy */;
		};
		FA62F0602115B58500C992A9 /* PBXTargetDependency */ = {
			isa = PBXTargetDependency;
			target = FA62F03E2115B58400C992A9 /* DouYuLive-Swift */;
			targetProxy = FA62F05F2115B58500C992A9 /* PBXContainerItemProxy */;
		};
/* End PBXTargetDependency section */

/* Begin XCBuildConfiguration section */
		FA62F0652115B58500C992A9 /* Debug */ = {
			isa = XCBuildConfiguration;
			buildSettings = {
				ALWAYS_SEARCH_USER_PATHS = NO;
				CLANG_ANALYZER_NONNULL = YES;
				CLANG_ANALYZER_NUMBER_OBJECT_CONVERSION = YES_AGGRESSIVE;
				CLANG_CXX_LANGUAGE_STANDARD = "gnu++14";
				CLANG_CXX_LIBRARY = "libc++";
				CLANG_ENABLE_MODULES = YES;
				CLANG_ENABLE_OBJC_ARC = YES;
				CLANG_WARN_BLOCK_CAPTURE_AUTORELEASING = YES;
				CLANG_WARN_BOOL_CONVERSION = YES;
				CLANG_WARN_COMMA = YES;
				CLANG_WARN_CONSTANT_CONVERSION = YES;
				CLANG_WARN_DIRECT_OBJC_ISA_USAGE = YES_ERROR;
				CLANG_WARN_DOCUMENTATION_COMMENTS = YES;
				CLANG_WARN_EMPTY_BODY = YES;
				CLANG_WARN_ENUM_CONVERSION = YES;
				CLANG_WARN_INFINITE_RECURSION = YES;
				CLANG_WARN_INT_CONVERSION = YES;
				CLANG_WARN_NON_LITERAL_NULL_CONVERSION = YES;
				CLANG_WARN_OBJC_LITERAL_CONVERSION = YES;
				CLANG_WARN_OBJC_ROOT_CLASS = YES_ERROR;
				CLANG_WARN_RANGE_LOOP_ANALYSIS = YES;
				CLANG_WARN_STRICT_PROTOTYPES = YES;
				CLANG_WARN_SUSPICIOUS_MOVE = YES;
				CLANG_WARN_UNGUARDED_AVAILABILITY = YES_AGGRESSIVE;
				CLANG_WARN_UNREACHABLE_CODE = YES;
				CLANG_WARN__DUPLICATE_METHOD_MATCH = YES;
				CODE_SIGN_IDENTITY = "iPhone Developer";
				COPY_PHASE_STRIP = NO;
				DEBUG_INFORMATION_FORMAT = dwarf;
				ENABLE_STRICT_OBJC_MSGSEND = YES;
				ENABLE_TESTABILITY = YES;
				GCC_C_LANGUAGE_STANDARD = gnu11;
				GCC_DYNAMIC_NO_PIC = NO;
				GCC_NO_COMMON_BLOCKS = YES;
				GCC_OPTIMIZATION_LEVEL = 0;
				GCC_PREPROCESSOR_DEFINITIONS = (
					"DEBUG=1",
					"$(inherited)",
				);
				GCC_WARN_64_TO_32_BIT_CONVERSION = YES;
				GCC_WARN_ABOUT_RETURN_TYPE = YES_ERROR;
				GCC_WARN_UNDECLARED_SELECTOR = YES;
				GCC_WARN_UNINITIALIZED_AUTOS = YES_AGGRESSIVE;
				GCC_WARN_UNUSED_FUNCTION = YES;
				GCC_WARN_UNUSED_VARIABLE = YES;
				IPHONEOS_DEPLOYMENT_TARGET = 11.2;
				MTL_ENABLE_DEBUG_INFO = YES;
				ONLY_ACTIVE_ARCH = YES;
				SDKROOT = iphoneos;
				SWIFT_ACTIVE_COMPILATION_CONDITIONS = DEBUG;
				SWIFT_OPTIMIZATION_LEVEL = "-Onone";
			};
			name = Debug;
		};
		FA62F0662115B58500C992A9 /* Release */ = {
			isa = XCBuildConfiguration;
			buildSettings = {
				ALWAYS_SEARCH_USER_PATHS = NO;
				CLANG_ANALYZER_NONNULL = YES;
				CLANG_ANALYZER_NUMBER_OBJECT_CONVERSION = YES_AGGRESSIVE;
				CLANG_CXX_LANGUAGE_STANDARD = "gnu++14";
				CLANG_CXX_LIBRARY = "libc++";
				CLANG_ENABLE_MODULES = YES;
				CLANG_ENABLE_OBJC_ARC = YES;
				CLANG_WARN_BLOCK_CAPTURE_AUTORELEASING = YES;
				CLANG_WARN_BOOL_CONVERSION = YES;
				CLANG_WARN_COMMA = YES;
				CLANG_WARN_CONSTANT_CONVERSION = YES;
				CLANG_WARN_DIRECT_OBJC_ISA_USAGE = YES_ERROR;
				CLANG_WARN_DOCUMENTATION_COMMENTS = YES;
				CLANG_WARN_EMPTY_BODY = YES;
				CLANG_WARN_ENUM_CONVERSION = YES;
				CLANG_WARN_INFINITE_RECURSION = YES;
				CLANG_WARN_INT_CONVERSION = YES;
				CLANG_WARN_NON_LITERAL_NULL_CONVERSION = YES;
				CLANG_WARN_OBJC_LITERAL_CONVERSION = YES;
				CLANG_WARN_OBJC_ROOT_CLASS = YES_ERROR;
				CLANG_WARN_RANGE_LOOP_ANALYSIS = YES;
				CLANG_WARN_STRICT_PROTOTYPES = YES;
				CLANG_WARN_SUSPICIOUS_MOVE = YES;
				CLANG_WARN_UNGUARDED_AVAILABILITY = YES_AGGRESSIVE;
				CLANG_WARN_UNREACHABLE_CODE = YES;
				CLANG_WARN__DUPLICATE_METHOD_MATCH = YES;
				CODE_SIGN_IDENTITY = "iPhone Developer";
				COPY_PHASE_STRIP = NO;
				DEBUG_INFORMATION_FORMAT = "dwarf-with-dsym";
				ENABLE_NS_ASSERTIONS = NO;
				ENABLE_STRICT_OBJC_MSGSEND = YES;
				GCC_C_LANGUAGE_STANDARD = gnu11;
				GCC_NO_COMMON_BLOCKS = YES;
				GCC_WARN_64_TO_32_BIT_CONVERSION = YES;
				GCC_WARN_ABOUT_RETURN_TYPE = YES_ERROR;
				GCC_WARN_UNDECLARED_SELECTOR = YES;
				GCC_WARN_UNINITIALIZED_AUTOS = YES_AGGRESSIVE;
				GCC_WARN_UNUSED_FUNCTION = YES;
				GCC_WARN_UNUSED_VARIABLE = YES;
				IPHONEOS_DEPLOYMENT_TARGET = 11.2;
				MTL_ENABLE_DEBUG_INFO = NO;
				SDKROOT = iphoneos;
				SWIFT_OPTIMIZATION_LEVEL = "-Owholemodule";
				VALIDATE_PRODUCT = YES;
			};
			name = Release;
		};
		FA62F0682115B58500C992A9 /* Debug */ = {
			isa = XCBuildConfiguration;
			baseConfigurationReference = 5B0D2FD74FB1D0ADE7759F3A /* Pods-DouYuLive-Swift.debug.xcconfig */;
			buildSettings = {
				ASSETCATALOG_COMPILER_APPICON_NAME = AppIcon;
				ASSETCATALOG_COMPILER_LAUNCHIMAGE_NAME = LaunchImage;
				"CODE_SIGN_IDENTITY[sdk=iphoneos*]" = "iPhone Developer";
				CODE_SIGN_STYLE = Automatic;
				DEVELOPMENT_TEAM = 6M4VBTDKN2;
				INFOPLIST_FILE = "DouYuLive-Swift/Info.plist";
				IPHONEOS_DEPLOYMENT_TARGET = 9.0;
				LD_RUNPATH_SEARCH_PATHS = "$(inherited) @executable_path/Frameworks";
				PRODUCT_BUNDLE_IDENTIFIER = "lidong.DouYuLive-Swift";
				PRODUCT_NAME = "$(TARGET_NAME)";
				PROVISIONING_PROFILE_SPECIFIER = "";
				SWIFT_VERSION = 4.0;
				TARGETED_DEVICE_FAMILY = "1,2";
			};
			name = Debug;
		};
		FA62F0692115B58500C992A9 /* Release */ = {
			isa = XCBuildConfiguration;
			baseConfigurationReference = F950104B3832A38D2402E1E9 /* Pods-DouYuLive-Swift.release.xcconfig */;
			buildSettings = {
				ASSETCATALOG_COMPILER_APPICON_NAME = AppIcon;
				ASSETCATALOG_COMPILER_LAUNCHIMAGE_NAME = LaunchImage;
				"CODE_SIGN_IDENTITY[sdk=iphoneos*]" = "iPhone Developer";
				CODE_SIGN_STYLE = Automatic;
				DEVELOPMENT_TEAM = 6M4VBTDKN2;
				INFOPLIST_FILE = "DouYuLive-Swift/Info.plist";
				IPHONEOS_DEPLOYMENT_TARGET = 9.0;
				LD_RUNPATH_SEARCH_PATHS = "$(inherited) @executable_path/Frameworks";
				PRODUCT_BUNDLE_IDENTIFIER = "lidong.DouYuLive-Swift";
				PRODUCT_NAME = "$(TARGET_NAME)";
				PROVISIONING_PROFILE_SPECIFIER = "";
				SWIFT_VERSION = 4.0;
				TARGETED_DEVICE_FAMILY = "1,2";
			};
			name = Release;
		};
		FA62F06B2115B58500C992A9 /* Debug */ = {
			isa = XCBuildConfiguration;
			buildSettings = {
				ALWAYS_EMBED_SWIFT_STANDARD_LIBRARIES = YES;
				BUNDLE_LOADER = "$(TEST_HOST)";
				CODE_SIGN_STYLE = Automatic;
				DEVELOPMENT_TEAM = 6M4VBTDKN2;
				INFOPLIST_FILE = "DouYuLive-SwiftTests/Info.plist";
				LD_RUNPATH_SEARCH_PATHS = "$(inherited) @executable_path/Frameworks @loader_path/Frameworks";
				PRODUCT_BUNDLE_IDENTIFIER = "lidong.DouYuLive-SwiftTests";
				PRODUCT_NAME = "$(TARGET_NAME)";
				SWIFT_VERSION = 4.0;
				TARGETED_DEVICE_FAMILY = "1,2";
				TEST_HOST = "$(BUILT_PRODUCTS_DIR)/DouYuLive-Swift.app/DouYuLive-Swift";
			};
			name = Debug;
		};
		FA62F06C2115B58500C992A9 /* Release */ = {
			isa = XCBuildConfiguration;
			buildSettings = {
				ALWAYS_EMBED_SWIFT_STANDARD_LIBRARIES = YES;
				BUNDLE_LOADER = "$(TEST_HOST)";
				CODE_SIGN_STYLE = Automatic;
				DEVELOPMENT_TEAM = 6M4VBTDKN2;
				INFOPLIST_FILE = "DouYuLive-SwiftTests/Info.plist";
				LD_RUNPATH_SEARCH_PATHS = "$(inherited) @executable_path/Frameworks @loader_path/Frameworks";
				PRODUCT_BUNDLE_IDENTIFIER = "lidong.DouYuLive-SwiftTests";
				PRODUCT_NAME = "$(TARGET_NAME)";
				SWIFT_VERSION = 4.0;
				TARGETED_DEVICE_FAMILY = "1,2";
				TEST_HOST = "$(BUILT_PRODUCTS_DIR)/DouYuLive-Swift.app/DouYuLive-Swift";
			};
			name = Release;
		};
		FA62F06E2115B58500C992A9 /* Debug */ = {
			isa = XCBuildConfiguration;
			buildSettings = {
				ALWAYS_EMBED_SWIFT_STANDARD_LIBRARIES = YES;
				CODE_SIGN_STYLE = Automatic;
				DEVELOPMENT_TEAM = 6M4VBTDKN2;
				INFOPLIST_FILE = "DouYuLive-SwiftUITests/Info.plist";
				LD_RUNPATH_SEARCH_PATHS = "$(inherited) @executable_path/Frameworks @loader_path/Frameworks";
				PRODUCT_BUNDLE_IDENTIFIER = "lidong.DouYuLive-SwiftUITests";
				PRODUCT_NAME = "$(TARGET_NAME)";
				SWIFT_VERSION = 4.0;
				TARGETED_DEVICE_FAMILY = "1,2";
				TEST_TARGET_NAME = "DouYuLive-Swift";
			};
			name = Debug;
		};
		FA62F06F2115B58500C992A9 /* Release */ = {
			isa = XCBuildConfiguration;
			buildSettings = {
				ALWAYS_EMBED_SWIFT_STANDARD_LIBRARIES = YES;
				CODE_SIGN_STYLE = Automatic;
				DEVELOPMENT_TEAM = 6M4VBTDKN2;
				INFOPLIST_FILE = "DouYuLive-SwiftUITests/Info.plist";
				LD_RUNPATH_SEARCH_PATHS = "$(inherited) @executable_path/Frameworks @loader_path/Frameworks";
				PRODUCT_BUNDLE_IDENTIFIER = "lidong.DouYuLive-SwiftUITests";
				PRODUCT_NAME = "$(TARGET_NAME)";
				SWIFT_VERSION = 4.0;
				TARGETED_DEVICE_FAMILY = "1,2";
				TEST_TARGET_NAME = "DouYuLive-Swift";
			};
			name = Release;
		};
/* End XCBuildConfiguration section */

/* Begin XCConfigurationList section */
		FA62F03A2115B58400C992A9 /* Build configuration list for PBXProject "DouYuLive-Swift" */ = {
			isa = XCConfigurationList;
			buildConfigurations = (
				FA62F0652115B58500C992A9 /* Debug */,
				FA62F0662115B58500C992A9 /* Release */,
			);
			defaultConfigurationIsVisible = 0;
			defaultConfigurationName = Release;
		};
		FA62F0672115B58500C992A9 /* Build configuration list for PBXNativeTarget "DouYuLive-Swift" */ = {
			isa = XCConfigurationList;
			buildConfigurations = (
				FA62F0682115B58500C992A9 /* Debug */,
				FA62F0692115B58500C992A9 /* Release */,
			);
			defaultConfigurationIsVisible = 0;
			defaultConfigurationName = Release;
		};
		FA62F06A2115B58500C992A9 /* Build configuration list for PBXNativeTarget "DouYuLive-SwiftTests" */ = {
			isa = XCConfigurationList;
			buildConfigurations = (
				FA62F06B2115B58500C992A9 /* Debug */,
				FA62F06C2115B58500C992A9 /* Release */,
			);
			defaultConfigurationIsVisible = 0;
			defaultConfigurationName = Release;
		};
		FA62F06D2115B58500C992A9 /* Build configuration list for PBXNativeTarget "DouYuLive-SwiftUITests" */ = {
			isa = XCConfigurationList;
			buildConfigurations = (
				FA62F06E2115B58500C992A9 /* Debug */,
				FA62F06F2115B58500C992A9 /* Release */,
			);
			defaultConfigurationIsVisible = 0;
			defaultConfigurationName = Release;
		};
/* End XCConfigurationList section */
	};
	rootObject = FA62F0372115B58400C992A9 /* Project object */;
}
