// !$*UTF8*$!
{
	archiveVersion = 1;
	classes = {
	};
	objectVersion = 48;
	objects = {

/* Begin PBXBuildFile section */
		FA62F0432115B58400C992A9 /* AppDelegate.swift in Sources */ = {isa = PBXBuildFile; fileRef = FA62F0422115B58400C992A9 /* AppDelegate.swift */; };
		FA62F0482115B58500C992A9 /* Main.storyboard in Resources */ = {isa = PBXBuildFile; fileRef = FA62F0462115B58500C992A9 /* Main.storyboard */; };
		FA62F04A2115B58500C992A9 /* Assets.xcassets in Resources */ = {isa = PBXBuildFile; fileRef = FA62F0492115B58500C992A9 /* Assets.xcassets */; };
		FA62F04D2115B58500C992A9 /* LaunchScreen.storyboard in Resources */ = {isa = PBXBuildFile; fileRef = FA62F04B2115B58500C992A9 /* LaunchScreen.storyboard */; };
		FA62F0582115B58500C992A9 /* DouYuLive_SwiftTests.swift in Sources */ = {isa = PBXBuildFile; fileRef = FA62F0572115B58500C992A9 /* DouYuLive_SwiftTests.swift */; };
		FA62F0632115B58500C992A9 /* DouYuLive_SwiftUITests.swift in Sources */ = {isa = PBXBuildFile; fileRef = FA62F0622115B58500C992A9 /* DouYuLive_SwiftUITests.swift */; };
		FA62F0792115D42300C992A9 /* DYTabBarController.swift in Sources */ = {isa = PBXBuildFile; fileRef = FA62F0782115D42300C992A9 /* DYTabBarController.swift */; };
		FA62F07C2115D64E00C992A9 /* Home.storyboard in Resources */ = {isa = PBXBuildFile; fileRef = FA62F07A2115D64E00C992A9 /* Home.storyboard */; };
		FA62F0812115D82A00C992A9 /* Live.storyboard in Resources */ = {isa = PBXBuildFile; fileRef = FA62F07F2115D82A00C992A9 /* Live.storyboard */; };
		FA62F0842115D85200C992A9 /* Follow.storyboard in Resources */ = {isa = PBXBuildFile; fileRef = FA62F0822115D85200C992A9 /* Follow.storyboard */; };
		FA62F0872115D86E00C992A9 /* Profile.storyboard in Resources */ = {isa = PBXBuildFile; fileRef = FA62F0852115D86E00C992A9 /* Profile.storyboard */; };
/* End PBXBuildFile section */

/* Begin PBXContainerItemProxy section */
		FA62F0542115B58500C992A9 /* PBXContainerItemProxy */ = {
			isa = PBXContainerItemProxy;
			containerPortal = FA62F0372115B58400C992A9 /* Project object */;
			proxyType = 1;
			remoteGlobalIDString = FA62F03E2115B58400C992A9;
			remoteInfo = "DouYuLive-Swift";
		};
		FA62F05F2115B58500C992A9 /* PBXContainerItemProxy */ = {
			isa = PBXContainerItemProxy;
			containerPortal = FA62F0372115B58400C992A9 /* Project object */;
			proxyType = 1;
			remoteGlobalIDString = FA62F03E2115B58400C992A9;
			remoteInfo = "DouYuLive-Swift";
		};
/* End PBXContainerItemProxy section */

/* Begin PBXFileReference section */
		FA62F03F2115B58400C992A9 /* DouYuLive-Swift.app */ = {isa = PBXFileReference; explicitFileType = wrapper.application; includeInIndex = 0; path = "DouYuLive-Swift.app"; sourceTree = BUILT_PRODUCTS_DIR; };
		FA62F0422115B58400C992A9 /* AppDelegate.swift */ = {isa = PBXFileReference; lastKnownFileType = sourcecode.swift; path = AppDelegate.swift; sourceTree = "<group>"; };
		FA62F0472115B58500C992A9 /* Base */ = {isa = PBXFileReference; lastKnownFileType = file.storyboard; name = Base; path = Base.lproj/Main.storyboard; sourceTree = "<group>"; };
		FA62F0492115B58500C992A9 /* Assets.xcassets */ = {isa = PBXFileReference; lastKnownFileType = folder.assetcatalog; path = Assets.xcassets; sourceTree = "<group>"; };
		FA62F04C2115B58500C992A9 /* Base */ = {isa = PBXFileReference; lastKnownFileType = file.storyboard; name = Base; path = Base.lproj/LaunchScreen.storyboard; sourceTree = "<group>"; };
		FA62F04E2115B58500C992A9 /* Info.plist */ = {isa = PBXFileReference; lastKnownFileType = text.plist.xml; path = Info.plist; sourceTree = "<group>"; };
		FA62F0532115B58500C992A9 /* DouYuLive-SwiftTests.xctest */ = {isa = PBXFileReference; explicitFileType = wrapper.cfbundle; includeInIndex = 0; path = "DouYuLive-SwiftTests.xctest"; sourceTree = BUILT_PRODUCTS_DIR; };
		FA62F0572115B58500C992A9 /* DouYuLive_SwiftTests.swift */ = {isa = PBXFileReference; lastKnownFileType = sourcecode.swift; path = DouYuLive_SwiftTests.swift; sourceTree = "<group>"; };
		FA62F0592115B58500C992A9 /* Info.plist */ = {isa = PBXFileReference; lastKnownFileType = text.plist.xml; path = Info.plist; sourceTree = "<group>"; };
		FA62F05E2115B58500C992A9 /* DouYuLive-SwiftUITests.xctest */ = {isa = PBXFileReference; explicitFileType = wrapper.cfbundle; includeInIndex = 0; path = "DouYuLive-SwiftUITests.xctest"; sourceTree = BUILT_PRODUCTS_DIR; };
		FA62F0622115B58500C992A9 /* DouYuLive_SwiftUITests.swift */ = {isa = PBXFileReference; lastKnownFileType = sourcecode.swift; path = DouYuLive_SwiftUITests.swift; sourceTree = "<group>"; };
		FA62F0642115B58500C992A9 /* Info.plist */ = {isa = PBXFileReference; lastKnownFileType = text.plist.xml; path = Info.plist; sourceTree = "<group>"; };
		FA62F0782115D42300C992A9 /* DYTabBarController.swift */ = {isa = PBXFileReference; lastKnownFileType = sourcecode.swift; path = DYTabBarController.swift; sourceTree = "<group>"; };
		FA62F07B2115D64E00C992A9 /* Base */ = {isa = PBXFileReference; lastKnownFileType = file.storyboard; name = Base; path = "DouYuLive-Swift/Base.lproj/Home.storyboard"; sourceTree = "<group>"; };
		FA62F0802115D82A00C992A9 /* Base */ = {isa = PBXFileReference; lastKnownFileType = file.storyboard; name = Base; path = "DouYuLive-Swift/Base.lproj/Live.storyboard"; sourceTree = "<group>"; };
		FA62F0832115D85200C992A9 /* Base */ = {isa = PBXFileReference; lastKnownFileType = file.storyboard; name = Base; path = "DouYuLive-Swift/Base.lproj/Follow.storyboard"; sourceTree = "<group>"; };
		FA62F0862115D86E00C992A9 /* Base */ = {isa = PBXFileReference; lastKnownFileType = file.storyboard; name = Base; path = "DouYuLive-Swift/Base.lproj/Profile.storyboard"; sourceTree = "<group>"; };
/* End PBXFileReference section */

/* Begin PBXFrameworksBuildPhase section */
		FA62F03C2115B58400C992A9 /* Frameworks */ = {
			isa = PBXFrameworksBuildPhase;
			buildActionMask = 2147483647;
			files = (
			);
			runOnlyForDeploymentPostprocessing = 0;
		};
		FA62F0502115B58500C992A9 /* Frameworks */ = {
			isa = PBXFrameworksBuildPhase;
			buildActionMask = 2147483647;
			files = (
			);
			runOnlyForDeploymentPostprocessing = 0;
		};
		FA62F05B2115B58500C992A9 /* Frameworks */ = {
			isa = PBXFrameworksBuildPhase;
			buildActionMask = 2147483647;
			files = (
			);
			runOnlyForDeploymentPostprocessing = 0;
		};
/* End PBXFrameworksBuildPhase section */

/* Begin PBXGroup section */
		FA62F0362115B58400C992A9 = {
			isa = PBXGroup;
			children = (
				FA62F0412115B58400C992A9 /* DouYuLive-Swift */,
				FA62F0562115B58500C992A9 /* DouYuLive-SwiftTests */,
				FA62F0612115B58500C992A9 /* DouYuLive-SwiftUITests */,
				FA62F0402115B58400C992A9 /* Products */,
			);
			sourceTree = "<group>";
		};
		FA62F0402115B58400C992A9 /* Products */ = {
			isa = PBXGroup;
			children = (
				FA62F03F2115B58400C992A9 /* DouYuLive-Swift.app */,
				FA62F0532115B58500C992A9 /* DouYuLive-SwiftTests.xctest */,
				FA62F05E2115B58500C992A9 /* DouYuLive-SwiftUITests.xctest */,
			);
			name = Products;
			sourceTree = "<group>";
		};
		FA62F0412115B58400C992A9 /* DouYuLive-Swift */ = {
			isa = PBXGroup;
			children = (
				FA62F0702115C17700C992A9 /* Classes */,
				FA62F0422115B58400C992A9 /* AppDelegate.swift */,
				FA62F0462115B58500C992A9 /* Main.storyboard */,
				FA62F0492115B58500C992A9 /* Assets.xcassets */,
				FA62F04B2115B58500C992A9 /* LaunchScreen.storyboard */,
				FA62F04E2115B58500C992A9 /* Info.plist */,
			);
			path = "DouYuLive-Swift";
			sourceTree = "<group>";
		};
		FA62F0562115B58500C992A9 /* DouYuLive-SwiftTests */ = {
			isa = PBXGroup;
			children = (
				FA62F0572115B58500C992A9 /* DouYuLive_SwiftTests.swift */,
				FA62F0592115B58500C992A9 /* Info.plist */,
			);
			path = "DouYuLive-SwiftTests";
			sourceTree = "<group>";
		};
		FA62F0612115B58500C992A9 /* DouYuLive-SwiftUITests */ = {
			isa = PBXGroup;
			children = (
				FA62F0622115B58500C992A9 /* DouYuLive_SwiftUITests.swift */,
				FA62F0642115B58500C992A9 /* Info.plist */,
			);
			path = "DouYuLive-SwiftUITests";
			sourceTree = "<group>";
		};
		FA62F0702115C17700C992A9 /* Classes */ = {
			isa = PBXGroup;
			children = (
				FA62F0742115C17700C992A9 /* Main */,
				FA62F0712115C17700C992A9 /* Follow */,
				FA62F0722115C17700C992A9 /* Home */,
				FA62F0732115C17700C992A9 /* Live */,
				FA62F0752115C17700C992A9 /* Profile */,
				FA62F0762115C17700C992A9 /* Tools */,
			);
			path = Classes;
			sourceTree = "<group>";
		};
		FA62F0712115C17700C992A9 /* Follow */ = {
			isa = PBXGroup;
			children = (
				FA62F0822115D85200C992A9 /* Follow.storyboard */,
			);
			path = Follow;
			sourceTree = "<group>";
		};
		FA62F0722115C17700C992A9 /* Home */ = {
			isa = PBXGroup;
			children = (
				FA62F07A2115D64E00C992A9 /* Home.storyboard */,
			);
			path = Home;
			sourceTree = "<group>";
		};
		FA62F0732115C17700C992A9 /* Live */ = {
			isa = PBXGroup;
			children = (
				FA62F07F2115D82A00C992A9 /* Live.storyboard */,
			);
			path = Live;
			sourceTree = "<group>";
		};
		FA62F0742115C17700C992A9 /* Main */ = {
			isa = PBXGroup;
			children = (
				FA62F0772115D3EC00C992A9 /* UITabBarController */,
			);
			path = Main;
			sourceTree = "<group>";
		};
		FA62F0752115C17700C992A9 /* Profile */ = {
			isa = PBXGroup;
			children = (
				FA62F0852115D86E00C992A9 /* Profile.storyboard */,
			);
			path = Profile;
			sourceTree = "<group>";
		};
		FA62F0762115C17700C992A9 /* Tools */ = {
			isa = PBXGroup;
			children = (
			);
			path = Tools;
			sourceTree = "<group>";
		};
		FA62F0772115D3EC00C992A9 /* UITabBarController */ = {
			isa = PBXGroup;
			children = (
				FA62F0782115D42300C992A9 /* DYTabBarController.swift */,
			);
			path = UITabBarController;
			sourceTree = "<group>";
		};
/* End PBXGroup section */

/* Begin PBXNativeTarget section */
		FA62F03E2115B58400C992A9 /* DouYuLive-Swift */ = {
			isa = PBXNativeTarget;
			buildConfigurationList = FA62F0672115B58500C992A9 /* Build configuration list for PBXNativeTarget "DouYuLive-Swift" */;
			buildPhases = (
				FA62F03B2115B58400C992A9 /* Sources */,
				FA62F03C2115B58400C992A9 /* Frameworks */,
				FA62F03D2115B58400C992A9 /* Resources */,
			);
			buildRules = (
			);
			dependencies = (
			);
			name = "DouYuLive-Swift";
			productName = "DouYuLive-Swift";
			productReference = FA62F03F2115B58400C992A9 /* DouYuLive-Swift.app */;
			productType = "com.apple.product-type.application";
		};
		FA62F0522115B58500C992A9 /* DouYuLive-SwiftTests */ = {
			isa = PBXNativeTarget;
			buildConfigurationList = FA62F06A2115B58500C992A9 /* Build configuration list for PBXNativeTarget "DouYuLive-SwiftTests" */;
			buildPhases = (
				FA62F04F2115B58500C992A9 /* Sources */,
				FA62F0502115B58500C992A9 /* Frameworks */,
				FA62F0512115B58500C992A9 /* Resources */,
			);
			buildRules = (
			);
			dependencies = (
				FA62F0552115B58500C992A9 /* PBXTargetDependency */,
			);
			name = "DouYuLive-SwiftTests";
			productName = "DouYuLive-SwiftTests";
			productReference = FA62F0532115B58500C992A9 /* DouYuLive-SwiftTests.xctest */;
			productType = "com.apple.product-type.bundle.unit-test";
		};
		FA62F05D2115B58500C992A9 /* DouYuLive-SwiftUITests */ = {
			isa = PBXNativeTarget;
			buildConfigurationList = FA62F06D2115B58500C992A9 /* Build configuration list for PBXNativeTarget "DouYuLive-SwiftUITests" */;
			buildPhases = (
				FA62F05A2115B58500C992A9 /* Sources */,
				FA62F05B2115B58500C992A9 /* Frameworks */,
				FA62F05C2115B58500C992A9 /* Resources */,
			);
			buildRules = (
			);
			dependencies = (
				FA62F0602115B58500C992A9 /* PBXTargetDependency */,
			);
			name = "DouYuLive-SwiftUITests";
			productName = "DouYuLive-SwiftUITests";
			productReference = FA62F05E2115B58500C992A9 /* DouYuLive-SwiftUITests.xctest */;
			productType = "com.apple.product-type.bundle.ui-testing";
		};
/* End PBXNativeTarget section */

/* Begin PBXProject section */
		FA62F0372115B58400C992A9 /* Project object */ = {
			isa = PBXProject;
			attributes = {
				LastSwiftUpdateCheck = 0920;
				LastUpgradeCheck = 0920;
				ORGANIZATIONNAME = macbook;
				TargetAttributes = {
					FA62F03E2115B58400C992A9 = {
						CreatedOnToolsVersion = 9.2;
						ProvisioningStyle = Automatic;
					};
					FA62F0522115B58500C992A9 = {
						CreatedOnToolsVersion = 9.2;
						ProvisioningStyle = Automatic;
						TestTargetID = FA62F03E2115B58400C992A9;
					};
					FA62F05D2115B58500C992A9 = {
						CreatedOnToolsVersion = 9.2;
						ProvisioningStyle = Automatic;
						TestTargetID = FA62F03E2115B58400C992A9;
					};
				};
			};
			buildConfigurationList = FA62F03A2115B58400C992A9 /* Build configuration list for PBXProject "DouYuLive-Swift" */;
			compatibilityVersion = "Xcode 8.0";
			developmentRegion = en;
			hasScannedForEncodings = 0;
			knownRegions = (
				en,
				Base,
			);
			mainGroup = FA62F0362115B58400C992A9;
			productRefGroup = FA62F0402115B58400C992A9 /* Products */;
			projectDirPath = "";
			projectRoot = "";
			targets = (
				FA62F03E2115B58400C992A9 /* DouYuLive-Swift */,
				FA62F0522115B58500C992A9 /* DouYuLive-SwiftTests */,
				FA62F05D2115B58500C992A9 /* DouYuLive-SwiftUITests */,
			);
		};
/* End PBXProject section */

/* Begin PBXResourcesBuildPhase section */
		FA62F03D2115B58400C992A9 /* Resources */ = {
			isa = PBXResourcesBuildPhase;
			buildActionMask = 2147483647;
			files = (
				FA62F04D2115B58500C992A9 /* LaunchScreen.storyboard in Resources */,
				FA62F04A2115B58500C992A9 /* Assets.xcassets in Resources */,
				FA62F0482115B58500C992A9 /* Main.storyboard in Resources */,
				FA62F0812115D82A00C992A9 /* Live.storyboard in Resources */,
				FA62F07C2115D64E00C992A9 /* Home.storyboard in Resources */,
				FA62F0872115D86E00C992A9 /* Profile.storyboard in Resources */,
				FA62F0842115D85200C992A9 /* Follow.storyboard in Resources */,
			);
			runOnlyForDeploymentPostprocessing = 0;
		};
		FA62F0512115B58500C992A9 /* Resources */ = {
			isa = PBXResourcesBuildPhase;
			buildActionMask = 2147483647;
			files = (
			);
			runOnlyForDeploymentPostprocessing = 0;
		};
		FA62F05C2115B58500C992A9 /* Resources */ = {
			isa = PBXResourcesBuildPhase;
			buildActionMask = 2147483647;
			files = (
			);
			runOnlyForDeploymentPostprocessing = 0;
		};
/* End PBXResourcesBuildPhase section */

/* Begin PBXSourcesBuildPhase section */
		FA62F03B2115B58400C992A9 /* Sources */ = {
			isa = PBXSourcesBuildPhase;
			buildActionMask = 2147483647;
			files = (
				FA62F0792115D42300C992A9 /* DYTabBarController.swift in Sources */,
				FA62F0432115B58400C992A9 /* AppDelegate.swift in Sources */,
			);
			runOnlyForDeploymentPostprocessing = 0;
		};
		FA62F04F2115B58500C992A9 /* Sources */ = {
			isa = PBXSourcesBuildPhase;
			buildActionMask = 2147483647;
			files = (
				FA62F0582115B58500C992A9 /* DouYuLive_SwiftTests.swift in Sources */,
			);
			runOnlyForDeploymentPostprocessing = 0;
		};
		FA62F05A2115B58500C992A9 /* Sources */ = {
			isa = PBXSourcesBuildPhase;
			buildActionMask = 2147483647;
			files = (
				FA62F0632115B58500C992A9 /* DouYuLive_SwiftUITests.swift in Sources */,
			);
			runOnlyForDeploymentPostprocessing = 0;
		};
/* End PBXSourcesBuildPhase section */

/* Begin PBXTargetDependency section */
		FA62F0552115B58500C992A9 /* PBXTargetDependency */ = {
			isa = PBXTargetDependency;
			target = FA62F03E2115B58400C992A9 /* DouYuLive-Swift */;
			targetProxy = FA62F0542115B58500C992A9 /* PBXContainerItemProxy */;
		};
		FA62F0602115B58500C992A9 /* PBXTargetDependency */ = {
			isa = PBXTargetDependency;
			target = FA62F03E2115B58400C992A9 /* DouYuLive-Swift */;
			targetProxy = FA62F05F2115B58500C992A9 /* PBXContainerItemProxy */;
		};
/* End PBXTargetDependency section */

/* Begin PBXVariantGroup section */
		FA62F0462115B58500C992A9 /* Main.storyboard */ = {
			isa = PBXVariantGroup;
			children = (
				FA62F0472115B58500C992A9 /* Base */,
			);
			name = Main.storyboard;
			sourceTree = "<group>";
		};
		FA62F04B2115B58500C992A9 /* LaunchScreen.storyboard */ = {
			isa = PBXVariantGroup;
			children = (
				FA62F04C2115B58500C992A9 /* Base */,
			);
			name = LaunchScreen.storyboard;
			sourceTree = "<group>";
		};
		FA62F07A2115D64E00C992A9 /* Home.storyboard */ = {
			isa = PBXVariantGroup;
			children = (
				FA62F07B2115D64E00C992A9 /* Base */,
			);
			name = Home.storyboard;
			sourceTree = "<group>";
		};
		FA62F07F2115D82A00C992A9 /* Live.storyboard */ = {
			isa = PBXVariantGroup;
			children = (
				FA62F0802115D82A00C992A9 /* Base */,
			);
			name = Live.storyboard;
			sourceTree = "<group>";
		};
		FA62F0822115D85200C992A9 /* Follow.storyboard */ = {
			isa = PBXVariantGroup;
			children = (
				FA62F0832115D85200C992A9 /* Base */,
			);
			name = Follow.storyboard;
			sourceTree = "<group>";
		};
		FA62F0852115D86E00C992A9 /* Profile.storyboard */ = {
			isa = PBXVariantGroup;
			children = (
				FA62F0862115D86E00C992A9 /* Base */,
			);
			name = Profile.storyboard;
			sourceTree = "<group>";
		};
/* End PBXVariantGroup section */

/* Begin XCBuildConfiguration section */
		FA62F0652115B58500C992A9 /* Debug */ = {
			isa = XCBuildConfiguration;
			buildSettings = {
				ALWAYS_SEARCH_USER_PATHS = NO;
				CLANG_ANALYZER_NONNULL = YES;
				CLANG_ANALYZER_NUMBER_OBJECT_CONVERSION = YES_AGGRESSIVE;
				CLANG_CXX_LANGUAGE_STANDARD = "gnu++14";
				CLANG_CXX_LIBRARY = "libc++";
				CLANG_ENABLE_MODULES = YES;
				CLANG_ENABLE_OBJC_ARC = YES;
				CLANG_WARN_BLOCK_CAPTURE_AUTORELEASING = YES;
				CLANG_WARN_BOOL_CONVERSION = YES;
				CLANG_WARN_COMMA = YES;
				CLANG_WARN_CONSTANT_CONVERSION = YES;
				CLANG_WARN_DIRECT_OBJC_ISA_USAGE = YES_ERROR;
				CLANG_WARN_DOCUMENTATION_COMMENTS = YES;
				CLANG_WARN_EMPTY_BODY = YES;
				CLANG_WARN_ENUM_CONVERSION = YES;
				CLANG_WARN_INFINITE_RECURSION = YES;
				CLANG_WARN_INT_CONVERSION = YES;
				CLANG_WARN_NON_LITERAL_NULL_CONVERSION = YES;
				CLANG_WARN_OBJC_LITERAL_CONVERSION = YES;
				CLANG_WARN_OBJC_ROOT_CLASS = YES_ERROR;
				CLANG_WARN_RANGE_LOOP_ANALYSIS = YES;
				CLANG_WARN_STRICT_PROTOTYPES = YES;
				CLANG_WARN_SUSPICIOUS_MOVE = YES;
				CLANG_WARN_UNGUARDED_AVAILABILITY = YES_AGGRESSIVE;
				CLANG_WARN_UNREACHABLE_CODE = YES;
				CLANG_WARN__DUPLICATE_METHOD_MATCH = YES;
				CODE_SIGN_IDENTITY = "iPhone Developer";
				COPY_PHASE_STRIP = NO;
				DEBUG_INFORMATION_FORMAT = dwarf;
				ENABLE_STRICT_OBJC_MSGSEND = YES;
				ENABLE_TESTABILITY = YES;
				GCC_C_LANGUAGE_STANDARD = gnu11;
				GCC_DYNAMIC_NO_PIC = NO;
				GCC_NO_COMMON_BLOCKS = YES;
				GCC_OPTIMIZATION_LEVEL = 0;
				GCC_PREPROCESSOR_DEFINITIONS = (
					"DEBUG=1",
					"$(inherited)",
				);
				GCC_WARN_64_TO_32_BIT_CONVERSION = YES;
				GCC_WARN_ABOUT_RETURN_TYPE = YES_ERROR;
				GCC_WARN_UNDECLARED_SELECTOR = YES;
				GCC_WARN_UNINITIALIZED_AUTOS = YES_AGGRESSIVE;
				GCC_WARN_UNUSED_FUNCTION = YES;
				GCC_WARN_UNUSED_VARIABLE = YES;
				IPHONEOS_DEPLOYMENT_TARGET = 11.2;
				MTL_ENABLE_DEBUG_INFO = YES;
				ONLY_ACTIVE_ARCH = YES;
				SDKROOT = iphoneos;
				SWIFT_ACTIVE_COMPILATION_CONDITIONS = DEBUG;
				SWIFT_OPTIMIZATION_LEVEL = "-Onone";
			};
			name = Debug;
		};
		FA62F0662115B58500C992A9 /* Release */ = {
			isa = XCBuildConfiguration;
			buildSettings = {
				ALWAYS_SEARCH_USER_PATHS = NO;
				CLANG_ANALYZER_NONNULL = YES;
				CLANG_ANALYZER_NUMBER_OBJECT_CONVERSION = YES_AGGRESSIVE;
				CLANG_CXX_LANGUAGE_STANDARD = "gnu++14";
				CLANG_CXX_LIBRARY = "libc++";
				CLANG_ENABLE_MODULES = YES;
				CLANG_ENABLE_OBJC_ARC = YES;
				CLANG_WARN_BLOCK_CAPTURE_AUTORELEASING = YES;
				CLANG_WARN_BOOL_CONVERSION = YES;
				CLANG_WARN_COMMA = YES;
				CLANG_WARN_CONSTANT_CONVERSION = YES;
				CLANG_WARN_DIRECT_OBJC_ISA_USAGE = YES_ERROR;
				CLANG_WARN_DOCUMENTATION_COMMENTS = YES;
				CLANG_WARN_EMPTY_BODY = YES;
				CLANG_WARN_ENUM_CONVERSION = YES;
				CLANG_WARN_INFINITE_RECURSION = YES;
				CLANG_WARN_INT_CONVERSION = YES;
				CLANG_WARN_NON_LITERAL_NULL_CONVERSION = YES;
				CLANG_WARN_OBJC_LITERAL_CONVERSION = YES;
				CLANG_WARN_OBJC_ROOT_CLASS = YES_ERROR;
				CLANG_WARN_RANGE_LOOP_ANALYSIS = YES;
				CLANG_WARN_STRICT_PROTOTYPES = YES;
				CLANG_WARN_SUSPICIOUS_MOVE = YES;
				CLANG_WARN_UNGUARDED_AVAILABILITY = YES_AGGRESSIVE;
				CLANG_WARN_UNREACHABLE_CODE = YES;
				CLANG_WARN__DUPLICATE_METHOD_MATCH = YES;
				CODE_SIGN_IDENTITY = "iPhone Developer";
				COPY_PHASE_STRIP = NO;
				DEBUG_INFORMATION_FORMAT = "dwarf-with-dsym";
				ENABLE_NS_ASSERTIONS = NO;
				ENABLE_STRICT_OBJC_MSGSEND = YES;
				GCC_C_LANGUAGE_STANDARD = gnu11;
				GCC_NO_COMMON_BLOCKS = YES;
				GCC_WARN_64_TO_32_BIT_CONVERSION = YES;
				GCC_WARN_ABOUT_RETURN_TYPE = YES_ERROR;
				GCC_WARN_UNDECLARED_SELECTOR = YES;
				GCC_WARN_UNINITIALIZED_AUTOS = YES_AGGRESSIVE;
				GCC_WARN_UNUSED_FUNCTION = YES;
				GCC_WARN_UNUSED_VARIABLE = YES;
				IPHONEOS_DEPLOYMENT_TARGET = 11.2;
				MTL_ENABLE_DEBUG_INFO = NO;
				SDKROOT = iphoneos;
				SWIFT_OPTIMIZATION_LEVEL = "-Owholemodule";
				VALIDATE_PRODUCT = YES;
			};
			name = Release;
		};
		FA62F0682115B58500C992A9 /* Debug */ = {
			isa = XCBuildConfiguration;
			buildSettings = {
				ASSETCATALOG_COMPILER_APPICON_NAME = AppIcon;
				ASSETCATALOG_COMPILER_LAUNCHIMAGE_NAME = LaunchImage;
				CODE_SIGN_STYLE = Automatic;
				DEVELOPMENT_TEAM = 6M4VBTDKN2;
				INFOPLIST_FILE = "DouYuLive-Swift/Info.plist";
				IPHONEOS_DEPLOYMENT_TARGET = 9.0;
				LD_RUNPATH_SEARCH_PATHS = "$(inherited) @executable_path/Frameworks";
				PRODUCT_BUNDLE_IDENTIFIER = "lidong.DouYuLive-Swift";
				PRODUCT_NAME = "$(TARGET_NAME)";
				SWIFT_VERSION = 4.0;
				TARGETED_DEVICE_FAMILY = "1,2";
			};
			name = Debug;
		};
		FA62F0692115B58500C992A9 /* Release */ = {
			isa = XCBuildConfiguration;
			buildSettings = {
				ASSETCATALOG_COMPILER_APPICON_NAME = AppIcon;
				ASSETCATALOG_COMPILER_LAUNCHIMAGE_NAME = LaunchImage;
				CODE_SIGN_STYLE = Automatic;
				DEVELOPMENT_TEAM = 6M4VBTDKN2;
				INFOPLIST_FILE = "DouYuLive-Swift/Info.plist";
				IPHONEOS_DEPLOYMENT_TARGET = 9.0;
				LD_RUNPATH_SEARCH_PATHS = "$(inherited) @executable_path/Frameworks";
				PRODUCT_BUNDLE_IDENTIFIER = "lidong.DouYuLive-Swift";
				PRODUCT_NAME = "$(TARGET_NAME)";
				SWIFT_VERSION = 4.0;
				TARGETED_DEVICE_FAMILY = "1,2";
			};
			name = Release;
		};
		FA62F06B2115B58500C992A9 /* Debug */ = {
			isa = XCBuildConfiguration;
			buildSettings = {
				ALWAYS_EMBED_SWIFT_STANDARD_LIBRARIES = YES;
				BUNDLE_LOADER = "$(TEST_HOST)";
				CODE_SIGN_STYLE = Automatic;
				DEVELOPMENT_TEAM = 6M4VBTDKN2;
				INFOPLIST_FILE = "DouYuLive-SwiftTests/Info.plist";
				LD_RUNPATH_SEARCH_PATHS = "$(inherited) @executable_path/Frameworks @loader_path/Frameworks";
				PRODUCT_BUNDLE_IDENTIFIER = "lidong.DouYuLive-SwiftTests";
				PRODUCT_NAME = "$(TARGET_NAME)";
				SWIFT_VERSION = 4.0;
				TARGETED_DEVICE_FAMILY = "1,2";
				TEST_HOST = "$(BUILT_PRODUCTS_DIR)/DouYuLive-Swift.app/DouYuLive-Swift";
			};
			name = Debug;
		};
		FA62F06C2115B58500C992A9 /* Release */ = {
			isa = XCBuildConfiguration;
			buildSettings = {
				ALWAYS_EMBED_SWIFT_STANDARD_LIBRARIES = YES;
				BUNDLE_LOADER = "$(TEST_HOST)";
				CODE_SIGN_STYLE = Automatic;
				DEVELOPMENT_TEAM = 6M4VBTDKN2;
				INFOPLIST_FILE = "DouYuLive-SwiftTests/Info.plist";
				LD_RUNPATH_SEARCH_PATHS = "$(inherited) @executable_path/Frameworks @loader_path/Frameworks";
				PRODUCT_BUNDLE_IDENTIFIER = "lidong.DouYuLive-SwiftTests";
				PRODUCT_NAME = "$(TARGET_NAME)";
				SWIFT_VERSION = 4.0;
				TARGETED_DEVICE_FAMILY = "1,2";
				TEST_HOST = "$(BUILT_PRODUCTS_DIR)/DouYuLive-Swift.app/DouYuLive-Swift";
			};
			name = Release;
		};
		FA62F06E2115B58500C992A9 /* Debug */ = {
			isa = XCBuildConfiguration;
			buildSettings = {
				ALWAYS_EMBED_SWIFT_STANDARD_LIBRARIES = YES;
				CODE_SIGN_STYLE = Automatic;
				DEVELOPMENT_TEAM = 6M4VBTDKN2;
				INFOPLIST_FILE = "DouYuLive-SwiftUITests/Info.plist";
				LD_RUNPATH_SEARCH_PATHS = "$(inherited) @executable_path/Frameworks @loader_path/Frameworks";
				PRODUCT_BUNDLE_IDENTIFIER = "lidong.DouYuLive-SwiftUITests";
				PRODUCT_NAME = "$(TARGET_NAME)";
				SWIFT_VERSION = 4.0;
				TARGETED_DEVICE_FAMILY = "1,2";
				TEST_TARGET_NAME = "DouYuLive-Swift";
			};
			name = Debug;
		};
		FA62F06F2115B58500C992A9 /* Release */ = {
			isa = XCBuildConfiguration;
			buildSettings = {
				ALWAYS_EMBED_SWIFT_STANDARD_LIBRARIES = YES;
				CODE_SIGN_STYLE = Automatic;
				DEVELOPMENT_TEAM = 6M4VBTDKN2;
				INFOPLIST_FILE = "DouYuLive-SwiftUITests/Info.plist";
				LD_RUNPATH_SEARCH_PATHS = "$(inherited) @executable_path/Frameworks @loader_path/Frameworks";
				PRODUCT_BUNDLE_IDENTIFIER = "lidong.DouYuLive-SwiftUITests";
				PRODUCT_NAME = "$(TARGET_NAME)";
				SWIFT_VERSION = 4.0;
				TARGETED_DEVICE_FAMILY = "1,2";
				TEST_TARGET_NAME = "DouYuLive-Swift";
			};
			name = Release;
		};
/* End XCBuildConfiguration section */

/* Begin XCConfigurationList section */
		FA62F03A2115B58400C992A9 /* Build configuration list for PBXProject "DouYuLive-Swift" */ = {
			isa = XCConfigurationList;
			buildConfigurations = (
				FA62F0652115B58500C992A9 /* Debug */,
				FA62F0662115B58500C992A9 /* Release */,
			);
			defaultConfigurationIsVisible = 0;
			defaultConfigurationName = Release;
		};
		FA62F0672115B58500C992A9 /* Build configuration list for PBXNativeTarget "DouYuLive-Swift" */ = {
			isa = XCConfigurationList;
			buildConfigurations = (
				FA62F0682115B58500C992A9 /* Debug */,
				FA62F0692115B58500C992A9 /* Release */,
			);
			defaultConfigurationIsVisible = 0;
			defaultConfigurationName = Release;
		};
		FA62F06A2115B58500C992A9 /* Build configuration list for PBXNativeTarget "DouYuLive-SwiftTests" */ = {
			isa = XCConfigurationList;
			buildConfigurations = (
				FA62F06B2115B58500C992A9 /* Debug */,
				FA62F06C2115B58500C992A9 /* Release */,
			);
			defaultConfigurationIsVisible = 0;
			defaultConfigurationName = Release;
		};
		FA62F06D2115B58500C992A9 /* Build configuration list for PBXNativeTarget "DouYuLive-SwiftUITests" */ = {
			isa = XCConfigurationList;
			buildConfigurations = (
				FA62F06E2115B58500C992A9 /* Debug */,
				FA62F06F2115B58500C992A9 /* Release */,
			);
			defaultConfigurationIsVisible = 0;
			defaultConfigurationName = Release;
		};
/* End XCConfigurationList section */
	};
	rootObject = FA62F0372115B58400C992A9 /* Project object */;
}
